// !$*UTF8*$!
{
	archiveVersion = 1;
	classes = {
	};
	objectVersion = 55;
	objects = {

/* Begin PBXBuildFile section */
		332A3F19285E22DA0001FCC4 /* ExternalAccessory.framework in Frameworks */ = {isa = PBXBuildFile; fileRef = 332A3F18285E22DA0001FCC4 /* ExternalAccessory.framework */; };
		333E598C285E216100DD2904 /* AppDelegate.swift in Sources */ = {isa = PBXBuildFile; fileRef = 333E598B285E216100DD2904 /* AppDelegate.swift */; };
		333E598E285E216100DD2904 /* SceneDelegate.swift in Sources */ = {isa = PBXBuildFile; fileRef = 333E598D285E216100DD2904 /* SceneDelegate.swift */; };
		333E5990285E216100DD2904 /* ViewController.swift in Sources */ = {isa = PBXBuildFile; fileRef = 333E598F285E216100DD2904 /* ViewController.swift */; };
		333E5993285E216100DD2904 /* Main.storyboard in Resources */ = {isa = PBXBuildFile; fileRef = 333E5991285E216100DD2904 /* Main.storyboard */; };
		333E5995285E216200DD2904 /* Assets.xcassets in Resources */ = {isa = PBXBuildFile; fileRef = 333E5994285E216200DD2904 /* Assets.xcassets */; };
		333E5998285E216200DD2904 /* LaunchScreen.storyboard in Resources */ = {isa = PBXBuildFile; fileRef = 333E5996285E216200DD2904 /* LaunchScreen.storyboard */; };
		333E59A0285E21B900DD2904 /* GoogleService-Info.plist in Resources */ = {isa = PBXBuildFile; fileRef = 333E599F285E21B900DD2904 /* GoogleService-Info.plist */; };
		EE0F760562EF7F481C7F6F59 /* Pods_Warning.framework in Frameworks */ = {isa = PBXBuildFile; fileRef = 5E2D6A76DBE0ED17B2191963 /* Pods_Warning.framework */; };
/* End PBXBuildFile section */

/* Begin PBXFileReference section */
		332A3F17285E22DA0001FCC4 /* Warning.entitlements */ = {isa = PBXFileReference; lastKnownFileType = text.plist.entitlements; path = Warning.entitlements; sourceTree = "<group>"; };
		332A3F18285E22DA0001FCC4 /* ExternalAccessory.framework */ = {isa = PBXFileReference; lastKnownFileType = wrapper.framework; name = ExternalAccessory.framework; path = System/Library/Frameworks/ExternalAccessory.framework; sourceTree = SDKROOT; };
		333E5988285E216100DD2904 /* Warning.app */ = {isa = PBXFileReference; explicitFileType = wrapper.application; includeInIndex = 0; path = Warning.app; sourceTree = BUILT_PRODUCTS_DIR; };
		333E598B285E216100DD2904 /* AppDelegate.swift */ = {isa = PBXFileReference; lastKnownFileType = sourcecode.swift; path = AppDelegate.swift; sourceTree = "<group>"; };
		333E598D285E216100DD2904 /* SceneDelegate.swift */ = {isa = PBXFileReference; lastKnownFileType = sourcecode.swift; path = SceneDelegate.swift; sourceTree = "<group>"; };
		333E598F285E216100DD2904 /* ViewController.swift */ = {isa = PBXFileReference; lastKnownFileType = sourcecode.swift; path = ViewController.swift; sourceTree = "<group>"; };
		333E5992285E216100DD2904 /* Base */ = {isa = PBXFileReference; lastKnownFileType = file.storyboard; name = Base; path = Base.lproj/Main.storyboard; sourceTree = "<group>"; };
		333E5994285E216200DD2904 /* Assets.xcassets */ = {isa = PBXFileReference; lastKnownFileType = folder.assetcatalog; path = Assets.xcassets; sourceTree = "<group>"; };
		333E5997285E216200DD2904 /* Base */ = {isa = PBXFileReference; lastKnownFileType = file.storyboard; name = Base; path = Base.lproj/LaunchScreen.storyboard; sourceTree = "<group>"; };
		333E5999285E216200DD2904 /* Info.plist */ = {isa = PBXFileReference; lastKnownFileType = text.plist.xml; path = Info.plist; sourceTree = "<group>"; };
		333E599F285E21B900DD2904 /* GoogleService-Info.plist */ = {isa = PBXFileReference; fileEncoding = 4; lastKnownFileType = text.plist.xml; path = "GoogleService-Info.plist"; sourceTree = "<group>"; };
		5BBFB4098178E6484D278128 /* Pods-Warning.debug.xcconfig */ = {isa = PBXFileReference; includeInIndex = 1; lastKnownFileType = text.xcconfig; name = "Pods-Warning.debug.xcconfig"; path = "Target Support Files/Pods-Warning/Pods-Warning.debug.xcconfig"; sourceTree = "<group>"; };
		5E2D6A76DBE0ED17B2191963 /* Pods_Warning.framework */ = {isa = PBXFileReference; explicitFileType = wrapper.framework; includeInIndex = 0; path = Pods_Warning.framework; sourceTree = BUILT_PRODUCTS_DIR; };
		A31D6601C00015AC7B7D9F37 /* Pods-Warning.release.xcconfig */ = {isa = PBXFileReference; includeInIndex = 1; lastKnownFileType = text.xcconfig; name = "Pods-Warning.release.xcconfig"; path = "Target Support Files/Pods-Warning/Pods-Warning.release.xcconfig"; sourceTree = "<group>"; };
/* End PBXFileReference section */

/* Begin PBXFrameworksBuildPhase section */
		333E5985285E216100DD2904 /* Frameworks */ = {
			isa = PBXFrameworksBuildPhase;
			buildActionMask = 2147483647;
			files = (
				332A3F19285E22DA0001FCC4 /* ExternalAccessory.framework in Frameworks */,
				EE0F760562EF7F481C7F6F59 /* Pods_Warning.framework in Frameworks */,
			);
			runOnlyForDeploymentPostprocessing = 0;
		};
/* End PBXFrameworksBuildPhase section */

/* Begin PBXGroup section */
		333E597F285E216100DD2904 = {
			isa = PBXGroup;
			children = (
				333E598A285E216100DD2904 /* Warning */,
				333E5989285E216100DD2904 /* Products */,
				433A6F4D0C9FEE428EB77C82 /* Pods */,
				AE14835BCA72F02BFD82EAFD /* Frameworks */,
			);
			sourceTree = "<group>";
		};
		333E5989285E216100DD2904 /* Products */ = {
			isa = PBXGroup;
			children = (
				333E5988285E216100DD2904 /* Warning.app */,
			);
			name = Products;
			sourceTree = "<group>";
		};
		333E598A285E216100DD2904 /* Warning */ = {
			isa = PBXGroup;
			children = (
				332A3F17285E22DA0001FCC4 /* Warning.entitlements */,
				333E599F285E21B900DD2904 /* GoogleService-Info.plist */,
				333E598B285E216100DD2904 /* AppDelegate.swift */,
				333E598D285E216100DD2904 /* SceneDelegate.swift */,
				333E598F285E216100DD2904 /* ViewController.swift */,
				333E5991285E216100DD2904 /* Main.storyboard */,
				333E5994285E216200DD2904 /* Assets.xcassets */,
				333E5996285E216200DD2904 /* LaunchScreen.storyboard */,
				333E5999285E216200DD2904 /* Info.plist */,
			);
			path = Warning;
			sourceTree = "<group>";
		};
		433A6F4D0C9FEE428EB77C82 /* Pods */ = {
			isa = PBXGroup;
			children = (
				5BBFB4098178E6484D278128 /* Pods-Warning.debug.xcconfig */,
				A31D6601C00015AC7B7D9F37 /* Pods-Warning.release.xcconfig */,
			);
			path = Pods;
			sourceTree = "<group>";
		};
		AE14835BCA72F02BFD82EAFD /* Frameworks */ = {
			isa = PBXGroup;
			children = (
				332A3F18285E22DA0001FCC4 /* ExternalAccessory.framework */,
				5E2D6A76DBE0ED17B2191963 /* Pods_Warning.framework */,
			);
			name = Frameworks;
			sourceTree = "<group>";
		};
/* End PBXGroup section */

/* Begin PBXNativeTarget section */
		333E5987285E216100DD2904 /* Warning */ = {
			isa = PBXNativeTarget;
			buildConfigurationList = 333E599C285E216200DD2904 /* Build configuration list for PBXNativeTarget "Warning" */;
			buildPhases = (
				4054206554906450634B34BF /* [CP] Check Pods Manifest.lock */,
				333E5984285E216100DD2904 /* Sources */,
				333E5985285E216100DD2904 /* Frameworks */,
				333E5986285E216100DD2904 /* Resources */,
				FD17EFC123DE0DA9AECBF520 /* [CP] Embed Pods Frameworks */,
			);
			buildRules = (
			);
			dependencies = (
			);
			name = Warning;
			productName = Warning;
			productReference = 333E5988285E216100DD2904 /* Warning.app */;
			productType = "com.apple.product-type.application";
		};
/* End PBXNativeTarget section */

/* Begin PBXProject section */
		333E5980285E216100DD2904 /* Project object */ = {
			isa = PBXProject;
			attributes = {
				BuildIndependentTargetsInParallel = 1;
				LastSwiftUpdateCheck = 1340;
				LastUpgradeCheck = 1340;
				TargetAttributes = {
					333E5987285E216100DD2904 = {
						CreatedOnToolsVersion = 13.4.1;
					};
				};
			};
			buildConfigurationList = 333E5983285E216100DD2904 /* Build configuration list for PBXProject "Warning" */;
			compatibilityVersion = "Xcode 13.0";
			developmentRegion = en;
			hasScannedForEncodings = 0;
			knownRegions = (
				en,
				Base,
			);
			mainGroup = 333E597F285E216100DD2904;
			productRefGroup = 333E5989285E216100DD2904 /* Products */;
			projectDirPath = "";
			projectRoot = "";
			targets = (
				333E5987285E216100DD2904 /* Warning */,
			);
		};
/* End PBXProject section */

/* Begin PBXResourcesBuildPhase section */
		333E5986285E216100DD2904 /* Resources */ = {
			isa = PBXResourcesBuildPhase;
			buildActionMask = 2147483647;
			files = (
				333E59A0285E21B900DD2904 /* GoogleService-Info.plist in Resources */,
				333E5998285E216200DD2904 /* LaunchScreen.storyboard in Resources */,
				333E5995285E216200DD2904 /* Assets.xcassets in Resources */,
				333E5993285E216100DD2904 /* Main.storyboard in Resources */,
			);
			runOnlyForDeploymentPostprocessing = 0;
		};
/* End PBXResourcesBuildPhase section */

/* Begin PBXShellScriptBuildPhase section */
		4054206554906450634B34BF /* [CP] Check Pods Manifest.lock */ = {
			isa = PBXShellScriptBuildPhase;
			buildActionMask = 2147483647;
			files = (
			);
			inputFileListPaths = (
			);
			inputPaths = (
				"${PODS_PODFILE_DIR_PATH}/Podfile.lock",
				"${PODS_ROOT}/Manifest.lock",
			);
			name = "[CP] Check Pods Manifest.lock";
			outputFileListPaths = (
			);
			outputPaths = (
				"$(DERIVED_FILE_DIR)/Pods-Warning-checkManifestLockResult.txt",
			);
			runOnlyForDeploymentPostprocessing = 0;
			shellPath = /bin/sh;
			shellScript = "diff \"${PODS_PODFILE_DIR_PATH}/Podfile.lock\" \"${PODS_ROOT}/Manifest.lock\" > /dev/null\nif [ $? != 0 ] ; then\n    # print error to STDERR\n    echo \"error: The sandbox is not in sync with the Podfile.lock. Run 'pod install' or update your CocoaPods installation.\" >&2\n    exit 1\nfi\n# This output is used by Xcode 'outputs' to avoid re-running this script phase.\necho \"SUCCESS\" > \"${SCRIPT_OUTPUT_FILE_0}\"\n";
			showEnvVarsInLog = 0;
		};
		FD17EFC123DE0DA9AECBF520 /* [CP] Embed Pods Frameworks */ = {
			isa = PBXShellScriptBuildPhase;
			buildActionMask = 2147483647;
			files = (
			);
			inputFileListPaths = (
				"${PODS_ROOT}/Target Support Files/Pods-Warning/Pods-Warning-frameworks-${CONFIGURATION}-input-files.xcfilelist",
			);
			name = "[CP] Embed Pods Frameworks";
			outputFileListPaths = (
				"${PODS_ROOT}/Target Support Files/Pods-Warning/Pods-Warning-frameworks-${CONFIGURATION}-output-files.xcfilelist",
			);
			runOnlyForDeploymentPostprocessing = 0;
			shellPath = /bin/sh;
			shellScript = "\"${PODS_ROOT}/Target Support Files/Pods-Warning/Pods-Warning-frameworks.sh\"\n";
			showEnvVarsInLog = 0;
		};
/* End PBXShellScriptBuildPhase section */

/* Begin PBXSourcesBuildPhase section */
		333E5984285E216100DD2904 /* Sources */ = {
			isa = PBXSourcesBuildPhase;
			buildActionMask = 2147483647;
			files = (
				333E5990285E216100DD2904 /* ViewController.swift in Sources */,
				333E598C285E216100DD2904 /* AppDelegate.swift in Sources */,
				333E598E285E216100DD2904 /* SceneDelegate.swift in Sources */,
			);
			runOnlyForDeploymentPostprocessing = 0;
		};
/* End PBXSourcesBuildPhase section */

/* Begin PBXVariantGroup section */
		333E5991285E216100DD2904 /* Main.storyboard */ = {
			isa = PBXVariantGroup;
			children = (
				333E5992285E216100DD2904 /* Base */,
			);
			name = Main.storyboard;
			sourceTree = "<group>";
		};
		333E5996285E216200DD2904 /* LaunchScreen.storyboard */ = {
			isa = PBXVariantGroup;
			children = (
				333E5997285E216200DD2904 /* Base */,
			);
			name = LaunchScreen.storyboard;
			sourceTree = "<group>";
		};
/* End PBXVariantGroup section */

/* Begin XCBuildConfiguration section */
		333E599A285E216200DD2904 /* Debug */ = {
			isa = XCBuildConfiguration;
			buildSettings = {
				ALWAYS_SEARCH_USER_PATHS = NO;
				CLANG_ANALYZER_NONNULL = YES;
				CLANG_ANALYZER_NUMBER_OBJECT_CONVERSION = YES_AGGRESSIVE;
				CLANG_CXX_LANGUAGE_STANDARD = "gnu++17";
				CLANG_ENABLE_MODULES = YES;
				CLANG_ENABLE_OBJC_ARC = YES;
				CLANG_ENABLE_OBJC_WEAK = YES;
				CLANG_WARN_BLOCK_CAPTURE_AUTORELEASING = YES;
				CLANG_WARN_BOOL_CONVERSION = YES;
				CLANG_WARN_COMMA = YES;
				CLANG_WARN_CONSTANT_CONVERSION = YES;
				CLANG_WARN_DEPRECATED_OBJC_IMPLEMENTATIONS = YES;
				CLANG_WARN_DIRECT_OBJC_ISA_USAGE = YES_ERROR;
				CLANG_WARN_DOCUMENTATION_COMMENTS = YES;
				CLANG_WARN_EMPTY_BODY = YES;
				CLANG_WARN_ENUM_CONVERSION = YES;
				CLANG_WARN_INFINITE_RECURSION = YES;
				CLANG_WARN_INT_CONVERSION = YES;
				CLANG_WARN_NON_LITERAL_NULL_CONVERSION = YES;
				CLANG_WARN_OBJC_IMPLICIT_RETAIN_SELF = YES;
				CLANG_WARN_OBJC_LITERAL_CONVERSION = YES;
				CLANG_WARN_OBJC_ROOT_CLASS = YES_ERROR;
				CLANG_WARN_QUOTED_INCLUDE_IN_FRAMEWORK_HEADER = YES;
				CLANG_WARN_RANGE_LOOP_ANALYSIS = YES;
				CLANG_WARN_STRICT_PROTOTYPES = YES;
				CLANG_WARN_SUSPICIOUS_MOVE = YES;
				CLANG_WARN_UNGUARDED_AVAILABILITY = YES_AGGRESSIVE;
				CLANG_WARN_UNREACHABLE_CODE = YES;
				CLANG_WARN__DUPLICATE_METHOD_MATCH = YES;
				COPY_PHASE_STRIP = NO;
				DEBUG_INFORMATION_FORMAT = dwarf;
				ENABLE_STRICT_OBJC_MSGSEND = YES;
				ENABLE_TESTABILITY = YES;
				GCC_C_LANGUAGE_STANDARD = gnu11;
				GCC_DYNAMIC_NO_PIC = NO;
				GCC_NO_COMMON_BLOCKS = YES;
				GCC_OPTIMIZATION_LEVEL = 0;
				GCC_PREPROCESSOR_DEFINITIONS = (
					"DEBUG=1",
					"$(inherited)",
				);
				GCC_WARN_64_TO_32_BIT_CONVERSION = YES;
				GCC_WARN_ABOUT_RETURN_TYPE = YES_ERROR;
				GCC_WARN_UNDECLARED_SELECTOR = YES;
				GCC_WARN_UNINITIALIZED_AUTOS = YES_AGGRESSIVE;
				GCC_WARN_UNUSED_FUNCTION = YES;
				GCC_WARN_UNUSED_VARIABLE = YES;
				IPHONEOS_DEPLOYMENT_TARGET = 15.5;
				MTL_ENABLE_DEBUG_INFO = INCLUDE_SOURCE;
				MTL_FAST_MATH = YES;
				ONLY_ACTIVE_ARCH = YES;
				SDKROOT = iphoneos;
				SWIFT_ACTIVE_COMPILATION_CONDITIONS = DEBUG;
				SWIFT_OPTIMIZATION_LEVEL = "-Onone";
			};
			name = Debug;
		};
		333E599B285E216200DD2904 /* Release */ = {
			isa = XCBuildConfiguration;
			buildSettings = {
				ALWAYS_SEARCH_USER_PATHS = NO;
				CLANG_ANALYZER_NONNULL = YES;
				CLANG_ANALYZER_NUMBER_OBJECT_CONVERSION = YES_AGGRESSIVE;
				CLANG_CXX_LANGUAGE_STANDARD = "gnu++17";
				CLANG_ENABLE_MODULES = YES;
				CLANG_ENABLE_OBJC_ARC = YES;
				CLANG_ENABLE_OBJC_WEAK = YES;
				CLANG_WARN_BLOCK_CAPTURE_AUTORELEASING = YES;
				CLANG_WARN_BOOL_CONVERSION = YES;
				CLANG_WARN_COMMA = YES;
				CLANG_WARN_CONSTANT_CONVERSION = YES;
				CLANG_WARN_DEPRECATED_OBJC_IMPLEMENTATIONS = YES;
				CLANG_WARN_DIRECT_OBJC_ISA_USAGE = YES_ERROR;
				CLANG_WARN_DOCUMENTATION_COMMENTS = YES;
				CLANG_WARN_EMPTY_BODY = YES;
				CLANG_WARN_ENUM_CONVERSION = YES;
				CLANG_WARN_INFINITE_RECURSION = YES;
				CLANG_WARN_INT_CONVERSION = YES;
				CLANG_WARN_NON_LITERAL_NULL_CONVERSION = YES;
				CLANG_WARN_OBJC_IMPLICIT_RETAIN_SELF = YES;
				CLANG_WARN_OBJC_LITERAL_CONVERSION = YES;
				CLANG_WARN_OBJC_ROOT_CLASS = YES_ERROR;
				CLANG_WARN_QUOTED_INCLUDE_IN_FRAMEWORK_HEADER = YES;
				CLANG_WARN_RANGE_LOOP_ANALYSIS = YES;
				CLANG_WARN_STRICT_PROTOTYPES = YES;
				CLANG_WARN_SUSPICIOUS_MOVE = YES;
				CLANG_WARN_UNGUARDED_AVAILABILITY = YES_AGGRESSIVE;
				CLANG_WARN_UNREACHABLE_CODE = YES;
				CLANG_WARN__DUPLICATE_METHOD_MATCH = YES;
				COPY_PHASE_STRIP = NO;
				DEBUG_INFORMATION_FORMAT = "dwarf-with-dsym";
				ENABLE_NS_ASSERTIONS = NO;
				ENABLE_STRICT_OBJC_MSGSEND = YES;
				GCC_C_LANGUAGE_STANDARD = gnu11;
				GCC_NO_COMMON_BLOCKS = YES;
				GCC_WARN_64_TO_32_BIT_CONVERSION = YES;
				GCC_WARN_ABOUT_RETURN_TYPE = YES_ERROR;
				GCC_WARN_UNDECLARED_SELECTOR = YES;
				GCC_WARN_UNINITIALIZED_AUTOS = YES_AGGRESSIVE;
				GCC_WARN_UNUSED_FUNCTION = YES;
				GCC_WARN_UNUSED_VARIABLE = YES;
				IPHONEOS_DEPLOYMENT_TARGET = 15.5;
				MTL_ENABLE_DEBUG_INFO = NO;
				MTL_FAST_MATH = YES;
				SDKROOT = iphoneos;
				SWIFT_COMPILATION_MODE = wholemodule;
				SWIFT_OPTIMIZATION_LEVEL = "-O";
				VALIDATE_PRODUCT = YES;
			};
			name = Release;
		};
		333E599D285E216200DD2904 /* Debug */ = {
			isa = XCBuildConfiguration;
			baseConfigurationReference = 5BBFB4098178E6484D278128 /* Pods-Warning.debug.xcconfig */;
			buildSettings = {
				ASSETCATALOG_COMPILER_APPICON_NAME = AppIcon;
				ASSETCATALOG_COMPILER_GLOBAL_ACCENT_COLOR_NAME = AccentColor;
				CODE_SIGN_ENTITLEMENTS = Warning/Warning.entitlements;
				CODE_SIGN_STYLE = Automatic;
				CURRENT_PROJECT_VERSION = 1;
				DEVELOPMENT_TEAM = 4QNJWH8J8Y;
				GENERATE_INFOPLIST_FILE = YES;
				INFOPLIST_FILE = Warning/Info.plist;
				INFOPLIST_KEY_UIApplicationSupportsIndirectInputEvents = YES;
				INFOPLIST_KEY_UILaunchStoryboardName = LaunchScreen;
				INFOPLIST_KEY_UIMainStoryboardFile = Main;
				INFOPLIST_KEY_UISupportedInterfaceOrientations_iPad = "UIInterfaceOrientationPortrait UIInterfaceOrientationPortraitUpsideDown UIInterfaceOrientationLandscapeLeft UIInterfaceOrientationLandscapeRight";
				INFOPLIST_KEY_UISupportedInterfaceOrientations_iPhone = "UIInterfaceOrientationPortrait UIInterfaceOrientationLandscapeLeft UIInterfaceOrientationLandscapeRight";
				LD_RUNPATH_SEARCH_PATHS = (
					"$(inherited)",
					"@executable_path/Frameworks",
				);
				MARKETING_VERSION = 1.0;
				PRODUCT_BUNDLE_IDENTIFIER = hana.Warning;
				PRODUCT_NAME = "$(TARGET_NAME)";
				SWIFT_EMIT_LOC_STRINGS = YES;
				SWIFT_VERSION = 5.0;
				TARGETED_DEVICE_FAMILY = "1,2";
			};
			name = Debug;
		};
		333E599E285E216200DD2904 /* Release */ = {
			isa = XCBuildConfiguration;
			baseConfigurationReference = A31D6601C00015AC7B7D9F37 /* Pods-Warning.release.xcconfig */;
			buildSettings = {
				ASSETCATALOG_COMPILER_APPICON_NAME = AppIcon;
				ASSETCATALOG_COMPILER_GLOBAL_ACCENT_COLOR_NAME = AccentColor;
				CODE_SIGN_ENTITLEMENTS = Warning/Warning.entitlements;
				CODE_SIGN_STYLE = Automatic;
				CURRENT_PROJECT_VERSION = 1;
				DEVELOPMENT_TEAM = 4QNJWH8J8Y;
				GENERATE_INFOPLIST_FILE = YES;
				INFOPLIST_FILE = Warning/Info.plist;
				INFOPLIST_KEY_UIApplicationSupportsIndirectInputEvents = YES;
				INFOPLIST_KEY_UILaunchStoryboardName = LaunchScreen;
				INFOPLIST_KEY_UIMainStoryboardFile = Main;
				INFOPLIST_KEY_UISupportedInterfaceOrientations_iPad = "UIInterfaceOrientationPortrait UIInterfaceOrientationPortraitUpsideDown UIInterfaceOrientationLandscapeLeft UIInterfaceOrientationLandscapeRight";
				INFOPLIST_KEY_UISupportedInterfaceOrientations_iPhone = "UIInterfaceOrientationPortrait UIInterfaceOrientationLandscapeLeft UIInterfaceOrientationLandscapeRight";
				LD_RUNPATH_SEARCH_PATHS = (
					"$(inherited)",
					"@executable_path/Frameworks",
				);
				MARKETING_VERSION = 1.0;
				PRODUCT_BUNDLE_IDENTIFIER = hana.Warning;
				PRODUCT_NAME = "$(TARGET_NAME)";
				SWIFT_EMIT_LOC_STRINGS = YES;
				SWIFT_VERSION = 5.0;
				TARGETED_DEVICE_FAMILY = "1,2";
			};
			name = Release;
		};
/* End XCBuildConfiguration section */

/* Begin XCConfigurationList section */
		333E5983285E216100DD2904 /* Build configuration list for PBXProject "Warning" */ = {
			isa = XCConfigurationList;
			buildConfigurations = (
				333E599A285E216200DD2904 /* Debug */,
				333E599B285E216200DD2904 /* Release */,
			);
			defaultConfigurationIsVisible = 0;
			defaultConfigurationName = Release;
		};
		333E599C285E216200DD2904 /* Build configuration list for PBXNativeTarget "Warning" */ = {
			isa = XCConfigurationList;
			buildConfigurations = (
				333E599D285E216200DD2904 /* Debug */,
				333E599E285E216200DD2904 /* Release */,
			);
			defaultConfigurationIsVisible = 0;
			defaultConfigurationName = Release;
		};
/* End XCConfigurationList section */
	};
	rootObject = 333E5980285E216100DD2904 /* Project object */;
}
