// !$*UTF8*$!
{
	archiveVersion = 1;
	classes = {
	};
	objectVersion = 55;
	objects = {

/* Begin PBXBuildFile section */
		33DDDF1C2860C29D002F436C /* SnapKit in Frameworks */ = {isa = PBXBuildFile; productRef = 33DDDF1B2860C29D002F436C /* SnapKit */; };
		33DDDF1E2860CED2002F436C /* ContentCollectionViewRankCell.swift in Sources */ = {isa = PBXBuildFile; fileRef = 33DDDF1D2860CED2002F436C /* ContentCollectionViewRankCell.swift */; };
		33DDDF6E28697EB4002F436C /* ContentView.swift in Sources */ = {isa = PBXBuildFile; fileRef = 33DDDF6D28697EB4002F436C /* ContentView.swift */; };
		33DDDF7128698C10002F436C /* ContentColectionViewMainCell.swift in Sources */ = {isa = PBXBuildFile; fileRef = 33DDDF7028698C10002F436C /* ContentColectionViewMainCell.swift */; };
		33DDDF732873ED91002F436C /* ContentDetailView.swift in Sources */ = {isa = PBXBuildFile; fileRef = 33DDDF722873ED91002F436C /* ContentDetailView.swift */; };
		33FAC5CB28605F5F0072F6B4 /* AppDelegate.swift in Sources */ = {isa = PBXBuildFile; fileRef = 33FAC5CA28605F5F0072F6B4 /* AppDelegate.swift */; };
		33FAC5CD28605F5F0072F6B4 /* SceneDelegate.swift in Sources */ = {isa = PBXBuildFile; fileRef = 33FAC5CC28605F5F0072F6B4 /* SceneDelegate.swift */; };
		33FAC5D428605F610072F6B4 /* Assets.xcassets in Resources */ = {isa = PBXBuildFile; fileRef = 33FAC5D328605F610072F6B4 /* Assets.xcassets */; };
		33FAC5D728605F610072F6B4 /* LaunchScreen.storyboard in Resources */ = {isa = PBXBuildFile; fileRef = 33FAC5D528605F610072F6B4 /* LaunchScreen.storyboard */; };
		33FAC5DF28605FEB0072F6B4 /* HomeViewController.swift in Sources */ = {isa = PBXBuildFile; fileRef = 33FAC5DE28605FEB0072F6B4 /* HomeViewController.swift */; };
		33FAC5E22860630C0072F6B4 /* Content.plist in Resources */ = {isa = PBXBuildFile; fileRef = 33FAC5E12860630C0072F6B4 /* Content.plist */; };
		33FAC5E42860632B0072F6B4 /* Content.swift in Sources */ = {isa = PBXBuildFile; fileRef = 33FAC5E32860632B0072F6B4 /* Content.swift */; };
		33FAC5E6286067BB0072F6B4 /* ContentCollectionViewCell.swift in Sources */ = {isa = PBXBuildFile; fileRef = 33FAC5E5286067BB0072F6B4 /* ContentCollectionViewCell.swift */; };
		33FAC5E8286072760072F6B4 /* ContentCollectionViewHeader.swift in Sources */ = {isa = PBXBuildFile; fileRef = 33FAC5E7286072760072F6B4 /* ContentCollectionViewHeader.swift */; };
/* End PBXBuildFile section */

/* Begin PBXFileReference section */
		33DDDF1D2860CED2002F436C /* ContentCollectionViewRankCell.swift */ = {isa = PBXFileReference; lastKnownFileType = sourcecode.swift; path = ContentCollectionViewRankCell.swift; sourceTree = "<group>"; };
		33DDDF6D28697EB4002F436C /* ContentView.swift */ = {isa = PBXFileReference; lastKnownFileType = sourcecode.swift; path = ContentView.swift; sourceTree = "<group>"; };
		33DDDF7028698C10002F436C /* ContentColectionViewMainCell.swift */ = {isa = PBXFileReference; lastKnownFileType = sourcecode.swift; path = ContentColectionViewMainCell.swift; sourceTree = "<group>"; };
		33DDDF722873ED91002F436C /* ContentDetailView.swift */ = {isa = PBXFileReference; lastKnownFileType = sourcecode.swift; path = ContentDetailView.swift; sourceTree = "<group>"; };
		33FAC5C728605F5F0072F6B4 /* NetflixStyleSampleApp.app */ = {isa = PBXFileReference; explicitFileType = wrapper.application; includeInIndex = 0; path = NetflixStyleSampleApp.app; sourceTree = BUILT_PRODUCTS_DIR; };
		33FAC5CA28605F5F0072F6B4 /* AppDelegate.swift */ = {isa = PBXFileReference; lastKnownFileType = sourcecode.swift; path = AppDelegate.swift; sourceTree = "<group>"; };
		33FAC5CC28605F5F0072F6B4 /* SceneDelegate.swift */ = {isa = PBXFileReference; lastKnownFileType = sourcecode.swift; path = SceneDelegate.swift; sourceTree = "<group>"; };
		33FAC5D328605F610072F6B4 /* Assets.xcassets */ = {isa = PBXFileReference; lastKnownFileType = folder.assetcatalog; path = Assets.xcassets; sourceTree = "<group>"; };
		33FAC5D628605F610072F6B4 /* Base */ = {isa = PBXFileReference; lastKnownFileType = file.storyboard; name = Base; path = Base.lproj/LaunchScreen.storyboard; sourceTree = "<group>"; };
		33FAC5D828605F610072F6B4 /* Info.plist */ = {isa = PBXFileReference; lastKnownFileType = text.plist.xml; path = Info.plist; sourceTree = "<group>"; };
		33FAC5DE28605FEB0072F6B4 /* HomeViewController.swift */ = {isa = PBXFileReference; lastKnownFileType = sourcecode.swift; path = HomeViewController.swift; sourceTree = "<group>"; };
		33FAC5E12860630C0072F6B4 /* Content.plist */ = {isa = PBXFileReference; fileEncoding = 4; lastKnownFileType = text.plist.xml; path = Content.plist; sourceTree = "<group>"; };
		33FAC5E32860632B0072F6B4 /* Content.swift */ = {isa = PBXFileReference; lastKnownFileType = sourcecode.swift; path = Content.swift; sourceTree = "<group>"; };
		33FAC5E5286067BB0072F6B4 /* ContentCollectionViewCell.swift */ = {isa = PBXFileReference; lastKnownFileType = sourcecode.swift; path = ContentCollectionViewCell.swift; sourceTree = "<group>"; };
		33FAC5E7286072760072F6B4 /* ContentCollectionViewHeader.swift */ = {isa = PBXFileReference; lastKnownFileType = sourcecode.swift; path = ContentCollectionViewHeader.swift; sourceTree = "<group>"; };
/* End PBXFileReference section */

/* Begin PBXFrameworksBuildPhase section */
		33FAC5C428605F5F0072F6B4 /* Frameworks */ = {
			isa = PBXFrameworksBuildPhase;
			buildActionMask = 2147483647;
			files = (
				33DDDF1C2860C29D002F436C /* SnapKit in Frameworks */,
			);
			runOnlyForDeploymentPostprocessing = 0;
		};
/* End PBXFrameworksBuildPhase section */

/* Begin PBXGroup section */
		33DDDF6F2869812A002F436C /* NetflixSampleApp */ = {
			isa = PBXGroup;
			children = (
				33DDDF7028698C10002F436C /* ContentColectionViewMainCell.swift */,
				33DDDF1D2860CED2002F436C /* ContentCollectionViewRankCell.swift */,
				33FAC5DE28605FEB0072F6B4 /* HomeViewController.swift */,
				33FAC5E7286072760072F6B4 /* ContentCollectionViewHeader.swift */,
				33FAC5E5286067BB0072F6B4 /* ContentCollectionViewCell.swift */,
				33FAC5E12860630C0072F6B4 /* Content.plist */,
				33FAC5E32860632B0072F6B4 /* Content.swift */,
			);
			path = NetflixSampleApp;
			sourceTree = "<group>";
		};
		33FAC5BE28605F5F0072F6B4 = {
			isa = PBXGroup;
			children = (
				33FAC5C928605F5F0072F6B4 /* NetflixStyleSampleApp */,
				33FAC5C828605F5F0072F6B4 /* Products */,
			);
			sourceTree = "<group>";
		};
		33FAC5C828605F5F0072F6B4 /* Products */ = {
			isa = PBXGroup;
			children = (
				33FAC5C728605F5F0072F6B4 /* NetflixStyleSampleApp.app */,
			);
			name = Products;
			sourceTree = "<group>";
		};
		33FAC5C928605F5F0072F6B4 /* NetflixStyleSampleApp */ = {
			isa = PBXGroup;
			children = (
				33DDDF722873ED91002F436C /* ContentDetailView.swift */,
				33DDDF6D28697EB4002F436C /* ContentView.swift */,
				33DDDF6F2869812A002F436C /* NetflixSampleApp */,
				33FAC5CA28605F5F0072F6B4 /* AppDelegate.swift */,
				33FAC5CC28605F5F0072F6B4 /* SceneDelegate.swift */,
				33FAC5D328605F610072F6B4 /* Assets.xcassets */,
				33FAC5D528605F610072F6B4 /* LaunchScreen.storyboard */,
				33FAC5D828605F610072F6B4 /* Info.plist */,
			);
			path = NetflixStyleSampleApp;
			sourceTree = "<group>";
		};
/* End PBXGroup section */

/* Begin PBXNativeTarget section */
		33FAC5C628605F5F0072F6B4 /* NetflixStyleSampleApp */ = {
			isa = PBXNativeTarget;
			buildConfigurationList = 33FAC5DB28605F610072F6B4 /* Build configuration list for PBXNativeTarget "NetflixStyleSampleApp" */;
			buildPhases = (
				33FAC5C328605F5F0072F6B4 /* Sources */,
				33FAC5C428605F5F0072F6B4 /* Frameworks */,
				33FAC5C528605F5F0072F6B4 /* Resources */,
			);
			buildRules = (
			);
			dependencies = (
			);
			name = NetflixStyleSampleApp;
			packageProductDependencies = (
				33DDDF1B2860C29D002F436C /* SnapKit */,
			);
			productName = NetflixStyleSampleApp;
			productReference = 33FAC5C728605F5F0072F6B4 /* NetflixStyleSampleApp.app */;
			productType = "com.apple.product-type.application";
		};
/* End PBXNativeTarget section */

/* Begin PBXProject section */
		33FAC5BF28605F5F0072F6B4 /* Project object */ = {
			isa = PBXProject;
			attributes = {
				BuildIndependentTargetsInParallel = 1;
				LastSwiftUpdateCheck = 1340;
				LastUpgradeCheck = 1340;
				TargetAttributes = {
					33FAC5C628605F5F0072F6B4 = {
						CreatedOnToolsVersion = 13.4.1;
					};
				};
			};
			buildConfigurationList = 33FAC5C228605F5F0072F6B4 /* Build configuration list for PBXProject "NetflixStyleSampleApp" */;
			compatibilityVersion = "Xcode 13.0";
			developmentRegion = en;
			hasScannedForEncodings = 0;
			knownRegions = (
				en,
				Base,
			);
			mainGroup = 33FAC5BE28605F5F0072F6B4;
			packageReferences = (
				33DDDF1A2860C29D002F436C /* XCRemoteSwiftPackageReference "SnapKit" */,
			);
			productRefGroup = 33FAC5C828605F5F0072F6B4 /* Products */;
			projectDirPath = "";
			projectRoot = "";
			targets = (
				33FAC5C628605F5F0072F6B4 /* NetflixStyleSampleApp */,
			);
		};
/* End PBXProject section */

/* Begin PBXResourcesBuildPhase section */
		33FAC5C528605F5F0072F6B4 /* Resources */ = {
			isa = PBXResourcesBuildPhase;
			buildActionMask = 2147483647;
			files = (
				33FAC5D728605F610072F6B4 /* LaunchScreen.storyboard in Resources */,
				33FAC5D428605F610072F6B4 /* Assets.xcassets in Resources */,
				33FAC5E22860630C0072F6B4 /* Content.plist in Resources */,
			);
			runOnlyForDeploymentPostprocessing = 0;
		};
/* End PBXResourcesBuildPhase section */

/* Begin PBXSourcesBuildPhase section */
		33FAC5C328605F5F0072F6B4 /* Sources */ = {
			isa = PBXSourcesBuildPhase;
			buildActionMask = 2147483647;
			files = (
				33FAC5CB28605F5F0072F6B4 /* AppDelegate.swift in Sources */,
				33FAC5E8286072760072F6B4 /* ContentCollectionViewHeader.swift in Sources */,
				33DDDF6E28697EB4002F436C /* ContentView.swift in Sources */,
				33FAC5CD28605F5F0072F6B4 /* SceneDelegate.swift in Sources */,
				33DDDF1E2860CED2002F436C /* ContentCollectionViewRankCell.swift in Sources */,
				33DDDF732873ED91002F436C /* ContentDetailView.swift in Sources */,
				33FAC5DF28605FEB0072F6B4 /* HomeViewController.swift in Sources */,
				33FAC5E42860632B0072F6B4 /* Content.swift in Sources */,
				33DDDF7128698C10002F436C /* ContentColectionViewMainCell.swift in Sources */,
				33FAC5E6286067BB0072F6B4 /* ContentCollectionViewCell.swift in Sources */,
			);
			runOnlyForDeploymentPostprocessing = 0;
		};
/* End PBXSourcesBuildPhase section */

/* Begin PBXVariantGroup section */
		33FAC5D528605F610072F6B4 /* LaunchScreen.storyboard */ = {
			isa = PBXVariantGroup;
			children = (
				33FAC5D628605F610072F6B4 /* Base */,
			);
			name = LaunchScreen.storyboard;
			sourceTree = "<group>";
		};
/* End PBXVariantGroup section */

/* Begin XCBuildConfiguration section */
		33FAC5D928605F610072F6B4 /* Debug */ = {
			isa = XCBuildConfiguration;
			buildSettings = {
				ALWAYS_SEARCH_USER_PATHS = NO;
				CLANG_ANALYZER_NONNULL = YES;
				CLANG_ANALYZER_NUMBER_OBJECT_CONVERSION = YES_AGGRESSIVE;
				CLANG_CXX_LANGUAGE_STANDARD = "gnu++17";
				CLANG_ENABLE_MODULES = YES;
				CLANG_ENABLE_OBJC_ARC = YES;
				CLANG_ENABLE_OBJC_WEAK = YES;
				CLANG_WARN_BLOCK_CAPTURE_AUTORELEASING = YES;
				CLANG_WARN_BOOL_CONVERSION = YES;
				CLANG_WARN_COMMA = YES;
				CLANG_WARN_CONSTANT_CONVERSION = YES;
				CLANG_WARN_DEPRECATED_OBJC_IMPLEMENTATIONS = YES;
				CLANG_WARN_DIRECT_OBJC_ISA_USAGE = YES_ERROR;
				CLANG_WARN_DOCUMENTATION_COMMENTS = YES;
				CLANG_WARN_EMPTY_BODY = YES;
				CLANG_WARN_ENUM_CONVERSION = YES;
				CLANG_WARN_INFINITE_RECURSION = YES;
				CLANG_WARN_INT_CONVERSION = YES;
				CLANG_WARN_NON_LITERAL_NULL_CONVERSION = YES;
				CLANG_WARN_OBJC_IMPLICIT_RETAIN_SELF = YES;
				CLANG_WARN_OBJC_LITERAL_CONVERSION = YES;
				CLANG_WARN_OBJC_ROOT_CLASS = YES_ERROR;
				CLANG_WARN_QUOTED_INCLUDE_IN_FRAMEWORK_HEADER = YES;
				CLANG_WARN_RANGE_LOOP_ANALYSIS = YES;
				CLANG_WARN_STRICT_PROTOTYPES = YES;
				CLANG_WARN_SUSPICIOUS_MOVE = YES;
				CLANG_WARN_UNGUARDED_AVAILABILITY = YES_AGGRESSIVE;
				CLANG_WARN_UNREACHABLE_CODE = YES;
				CLANG_WARN__DUPLICATE_METHOD_MATCH = YES;
				COPY_PHASE_STRIP = NO;
				DEBUG_INFORMATION_FORMAT = dwarf;
				ENABLE_STRICT_OBJC_MSGSEND = YES;
				ENABLE_TESTABILITY = YES;
				GCC_C_LANGUAGE_STANDARD = gnu11;
				GCC_DYNAMIC_NO_PIC = NO;
				GCC_NO_COMMON_BLOCKS = YES;
				GCC_OPTIMIZATION_LEVEL = 0;
				GCC_PREPROCESSOR_DEFINITIONS = (
					"DEBUG=1",
					"$(inherited)",
				);
				GCC_WARN_64_TO_32_BIT_CONVERSION = YES;
				GCC_WARN_ABOUT_RETURN_TYPE = YES_ERROR;
				GCC_WARN_UNDECLARED_SELECTOR = YES;
				GCC_WARN_UNINITIALIZED_AUTOS = YES_AGGRESSIVE;
				GCC_WARN_UNUSED_FUNCTION = YES;
				GCC_WARN_UNUSED_VARIABLE = YES;
				IPHONEOS_DEPLOYMENT_TARGET = 15.5;
				MTL_ENABLE_DEBUG_INFO = INCLUDE_SOURCE;
				MTL_FAST_MATH = YES;
				ONLY_ACTIVE_ARCH = YES;
				SDKROOT = iphoneos;
				SWIFT_ACTIVE_COMPILATION_CONDITIONS = DEBUG;
				SWIFT_OPTIMIZATION_LEVEL = "-Onone";
			};
			name = Debug;
		};
		33FAC5DA28605F610072F6B4 /* Release */ = {
			isa = XCBuildConfiguration;
			buildSettings = {
				ALWAYS_SEARCH_USER_PATHS = NO;
				CLANG_ANALYZER_NONNULL = YES;
				CLANG_ANALYZER_NUMBER_OBJECT_CONVERSION = YES_AGGRESSIVE;
				CLANG_CXX_LANGUAGE_STANDARD = "gnu++17";
				CLANG_ENABLE_MODULES = YES;
				CLANG_ENABLE_OBJC_ARC = YES;
				CLANG_ENABLE_OBJC_WEAK = YES;
				CLANG_WARN_BLOCK_CAPTURE_AUTORELEASING = YES;
				CLANG_WARN_BOOL_CONVERSION = YES;
				CLANG_WARN_COMMA = YES;
				CLANG_WARN_CONSTANT_CONVERSION = YES;
				CLANG_WARN_DEPRECATED_OBJC_IMPLEMENTATIONS = YES;
				CLANG_WARN_DIRECT_OBJC_ISA_USAGE = YES_ERROR;
				CLANG_WARN_DOCUMENTATION_COMMENTS = YES;
				CLANG_WARN_EMPTY_BODY = YES;
				CLANG_WARN_ENUM_CONVERSION = YES;
				CLANG_WARN_INFINITE_RECURSION = YES;
				CLANG_WARN_INT_CONVERSION = YES;
				CLANG_WARN_NON_LITERAL_NULL_CONVERSION = YES;
				CLANG_WARN_OBJC_IMPLICIT_RETAIN_SELF = YES;
				CLANG_WARN_OBJC_LITERAL_CONVERSION = YES;
				CLANG_WARN_OBJC_ROOT_CLASS = YES_ERROR;
				CLANG_WARN_QUOTED_INCLUDE_IN_FRAMEWORK_HEADER = YES;
				CLANG_WARN_RANGE_LOOP_ANALYSIS = YES;
				CLANG_WARN_STRICT_PROTOTYPES = YES;
				CLANG_WARN_SUSPICIOUS_MOVE = YES;
				CLANG_WARN_UNGUARDED_AVAILABILITY = YES_AGGRESSIVE;
				CLANG_WARN_UNREACHABLE_CODE = YES;
				CLANG_WARN__DUPLICATE_METHOD_MATCH = YES;
				COPY_PHASE_STRIP = NO;
				DEBUG_INFORMATION_FORMAT = "dwarf-with-dsym";
				ENABLE_NS_ASSERTIONS = NO;
				ENABLE_STRICT_OBJC_MSGSEND = YES;
				GCC_C_LANGUAGE_STANDARD = gnu11;
				GCC_NO_COMMON_BLOCKS = YES;
				GCC_WARN_64_TO_32_BIT_CONVERSION = YES;
				GCC_WARN_ABOUT_RETURN_TYPE = YES_ERROR;
				GCC_WARN_UNDECLARED_SELECTOR = YES;
				GCC_WARN_UNINITIALIZED_AUTOS = YES_AGGRESSIVE;
				GCC_WARN_UNUSED_FUNCTION = YES;
				GCC_WARN_UNUSED_VARIABLE = YES;
				IPHONEOS_DEPLOYMENT_TARGET = 15.5;
				MTL_ENABLE_DEBUG_INFO = NO;
				MTL_FAST_MATH = YES;
				SDKROOT = iphoneos;
				SWIFT_COMPILATION_MODE = wholemodule;
				SWIFT_OPTIMIZATION_LEVEL = "-O";
				VALIDATE_PRODUCT = YES;
			};
			name = Release;
		};
		33FAC5DC28605F610072F6B4 /* Debug */ = {
			isa = XCBuildConfiguration;
			buildSettings = {
				ASSETCATALOG_COMPILER_APPICON_NAME = AppIcon;
				ASSETCATALOG_COMPILER_GLOBAL_ACCENT_COLOR_NAME = AccentColor;
				CODE_SIGN_STYLE = Automatic;
				CURRENT_PROJECT_VERSION = 1;
				DEVELOPMENT_TEAM = 8UZ8DJTY29;
				GENERATE_INFOPLIST_FILE = YES;
				INFOPLIST_FILE = NetflixStyleSampleApp/Info.plist;
				INFOPLIST_KEY_NSMainNibFile = Main;
				INFOPLIST_KEY_UIApplicationSupportsIndirectInputEvents = YES;
				INFOPLIST_KEY_UILaunchStoryboardName = LaunchScreen;
				INFOPLIST_KEY_UISupportedInterfaceOrientations_iPad = "UIInterfaceOrientationPortrait UIInterfaceOrientationPortraitUpsideDown UIInterfaceOrientationLandscapeLeft UIInterfaceOrientationLandscapeRight";
				INFOPLIST_KEY_UISupportedInterfaceOrientations_iPhone = "UIInterfaceOrientationPortrait UIInterfaceOrientationLandscapeLeft UIInterfaceOrientationLandscapeRight";
				LD_RUNPATH_SEARCH_PATHS = (
					"$(inherited)",
					"@executable_path/Frameworks",
				);
				MARKETING_VERSION = 1.0;
				PRODUCT_BUNDLE_IDENTIFIER = hana.NetflixStyleSampleApp.test;
				PRODUCT_NAME = "$(TARGET_NAME)";
				SWIFT_EMIT_LOC_STRINGS = YES;
				SWIFT_VERSION = 5.0;
				TARGETED_DEVICE_FAMILY = "1,2";
			};
			name = Debug;
		};
		33FAC5DD28605F610072F6B4 /* Release */ = {
			isa = XCBuildConfiguration;
			buildSettings = {
				ASSETCATALOG_COMPILER_APPICON_NAME = AppIcon;
				ASSETCATALOG_COMPILER_GLOBAL_ACCENT_COLOR_NAME = AccentColor;
				CODE_SIGN_STYLE = Automatic;
				CURRENT_PROJECT_VERSION = 1;
				DEVELOPMENT_TEAM = 8UZ8DJTY29;
				GENERATE_INFOPLIST_FILE = YES;
				INFOPLIST_FILE = NetflixStyleSampleApp/Info.plist;
				INFOPLIST_KEY_NSMainNibFile = Main;
				INFOPLIST_KEY_UIApplicationSupportsIndirectInputEvents = YES;
				INFOPLIST_KEY_UILaunchStoryboardName = LaunchScreen;
				INFOPLIST_KEY_UISupportedInterfaceOrientations_iPad = "UIInterfaceOrientationPortrait UIInterfaceOrientationPortraitUpsideDown UIInterfaceOrientationLandscapeLeft UIInterfaceOrientationLandscapeRight";
				INFOPLIST_KEY_UISupportedInterfaceOrientations_iPhone = "UIInterfaceOrientationPortrait UIInterfaceOrientationLandscapeLeft UIInterfaceOrientationLandscapeRight";
				LD_RUNPATH_SEARCH_PATHS = (
					"$(inherited)",
					"@executable_path/Frameworks",
				);
				MARKETING_VERSION = 1.0;
				PRODUCT_BUNDLE_IDENTIFIER = hana.NetflixStyleSampleApp.test;
				PRODUCT_NAME = "$(TARGET_NAME)";
				SWIFT_EMIT_LOC_STRINGS = YES;
				SWIFT_VERSION = 5.0;
				TARGETED_DEVICE_FAMILY = "1,2";
			};
			name = Release;
		};
/* End XCBuildConfiguration section */

/* Begin XCConfigurationList section */
		33FAC5C228605F5F0072F6B4 /* Build configuration list for PBXProject "NetflixStyleSampleApp" */ = {
			isa = XCConfigurationList;
			buildConfigurations = (
				33FAC5D928605F610072F6B4 /* Debug */,
				33FAC5DA28605F610072F6B4 /* Release */,
			);
			defaultConfigurationIsVisible = 0;
			defaultConfigurationName = Release;
		};
		33FAC5DB28605F610072F6B4 /* Build configuration list for PBXNativeTarget "NetflixStyleSampleApp" */ = {
			isa = XCConfigurationList;
			buildConfigurations = (
				33FAC5DC28605F610072F6B4 /* Debug */,
				33FAC5DD28605F610072F6B4 /* Release */,
			);
			defaultConfigurationIsVisible = 0;
			defaultConfigurationName = Release;
		};
/* End XCConfigurationList section */

/* Begin XCRemoteSwiftPackageReference section */
		33DDDF1A2860C29D002F436C /* XCRemoteSwiftPackageReference "SnapKit" */ = {
			isa = XCRemoteSwiftPackageReference;
			repositoryURL = "https://github.com/SnapKit/SnapKit.git";
			requirement = {
				branch = 5.0.1;
				kind = branch;
			};
		};
/* End XCRemoteSwiftPackageReference section */

/* Begin XCSwiftPackageProductDependency section */
		33DDDF1B2860C29D002F436C /* SnapKit */ = {
			isa = XCSwiftPackageProductDependency;
			package = 33DDDF1A2860C29D002F436C /* XCRemoteSwiftPackageReference "SnapKit" */;
			productName = SnapKit;
		};
/* End XCSwiftPackageProductDependency section */
	};
	rootObject = 33FAC5BF28605F5F0072F6B4 /* Project object */;
}
