// !$*UTF8*$!
{
	archiveVersion = 1;
	classes = {
	};
	objectVersion = 55;
	objects = {

/* Begin PBXBuildFile section */
		333E58FE2859DC0E00DD2904 /* AppDelegate.swift in Sources */ = {isa = PBXBuildFile; fileRef = 333E58FD2859DC0E00DD2904 /* AppDelegate.swift */; };
		333E59002859DC0E00DD2904 /* SceneDelegate.swift in Sources */ = {isa = PBXBuildFile; fileRef = 333E58FF2859DC0E00DD2904 /* SceneDelegate.swift */; };
		333E59022859DC0E00DD2904 /* ViewController.swift in Sources */ = {isa = PBXBuildFile; fileRef = 333E59012859DC0E00DD2904 /* ViewController.swift */; };
		333E59052859DC0E00DD2904 /* Main.storyboard in Resources */ = {isa = PBXBuildFile; fileRef = 333E59032859DC0E00DD2904 /* Main.storyboard */; };
		333E59072859DC0F00DD2904 /* Assets.xcassets in Resources */ = {isa = PBXBuildFile; fileRef = 333E59062859DC0F00DD2904 /* Assets.xcassets */; };
		333E590A2859DC0F00DD2904 /* LaunchScreen.storyboard in Resources */ = {isa = PBXBuildFile; fileRef = 333E59082859DC0F00DD2904 /* LaunchScreen.storyboard */; };
		333E59122859DC2500DD2904 /* CardListViewController.swift in Sources */ = {isa = PBXBuildFile; fileRef = 333E59112859DC2500DD2904 /* CardListViewController.swift */; };
		333E59142859DFA200DD2904 /* CreditCard.swift in Sources */ = {isa = PBXBuildFile; fileRef = 333E59132859DFA200DD2904 /* CreditCard.swift */; };
		333E591B2859E0FB00DD2904 /* CardListCell.swift in Sources */ = {isa = PBXBuildFile; fileRef = 333E59192859E0FB00DD2904 /* CardListCell.swift */; };
		333E591C2859E0FB00DD2904 /* CardListCell.xib in Resources */ = {isa = PBXBuildFile; fileRef = 333E591A2859E0FB00DD2904 /* CardListCell.xib */; };
		333E591E285A1E4E00DD2904 /* CardDetailViewController.swift in Sources */ = {isa = PBXBuildFile; fileRef = 333E591D285A1E4E00DD2904 /* CardDetailViewController.swift */; };
		333E5920285A203800DD2904 /* money.json in Resources */ = {isa = PBXBuildFile; fileRef = 333E591F285A203800DD2904 /* money.json */; };
		333E5926285A2C9D00DD2904 /* GoogleService-Info.plist in Resources */ = {isa = PBXBuildFile; fileRef = 333E5925285A2C9D00DD2904 /* GoogleService-Info.plist */; };
		333E5928285A3D6A00DD2904 /* CreditCardDummy.swift in Sources */ = {isa = PBXBuildFile; fileRef = 333E5927285A3D6A00DD2904 /* CreditCardDummy.swift */; };
		C7CD90D23B67D1B6151A1E7E /* Pods_CreditCardList.framework in Frameworks */ = {isa = PBXBuildFile; fileRef = 519DC4AB5E9160298C6AC633 /* Pods_CreditCardList.framework */; };
/* End PBXBuildFile section */

/* Begin PBXFileReference section */
		057D424F0CE90073D9808281 /* Pods-CreditCardList.debug.xcconfig */ = {isa = PBXFileReference; includeInIndex = 1; lastKnownFileType = text.xcconfig; name = "Pods-CreditCardList.debug.xcconfig"; path = "Target Support Files/Pods-CreditCardList/Pods-CreditCardList.debug.xcconfig"; sourceTree = "<group>"; };
		333E58FA2859DC0E00DD2904 /* CreditCardList.app */ = {isa = PBXFileReference; explicitFileType = wrapper.application; includeInIndex = 0; path = CreditCardList.app; sourceTree = BUILT_PRODUCTS_DIR; };
		333E58FD2859DC0E00DD2904 /* AppDelegate.swift */ = {isa = PBXFileReference; lastKnownFileType = sourcecode.swift; path = AppDelegate.swift; sourceTree = "<group>"; };
		333E58FF2859DC0E00DD2904 /* SceneDelegate.swift */ = {isa = PBXFileReference; lastKnownFileType = sourcecode.swift; path = SceneDelegate.swift; sourceTree = "<group>"; };
		333E59012859DC0E00DD2904 /* ViewController.swift */ = {isa = PBXFileReference; lastKnownFileType = sourcecode.swift; path = ViewController.swift; sourceTree = "<group>"; };
		333E59042859DC0E00DD2904 /* Base */ = {isa = PBXFileReference; lastKnownFileType = file.storyboard; name = Base; path = Base.lproj/Main.storyboard; sourceTree = "<group>"; };
		333E59062859DC0F00DD2904 /* Assets.xcassets */ = {isa = PBXFileReference; lastKnownFileType = folder.assetcatalog; path = Assets.xcassets; sourceTree = "<group>"; };
		333E59092859DC0F00DD2904 /* Base */ = {isa = PBXFileReference; lastKnownFileType = file.storyboard; name = Base; path = Base.lproj/LaunchScreen.storyboard; sourceTree = "<group>"; };
		333E590B2859DC0F00DD2904 /* Info.plist */ = {isa = PBXFileReference; lastKnownFileType = text.plist.xml; path = Info.plist; sourceTree = "<group>"; };
		333E59112859DC2500DD2904 /* CardListViewController.swift */ = {isa = PBXFileReference; lastKnownFileType = sourcecode.swift; path = CardListViewController.swift; sourceTree = "<group>"; };
		333E59132859DFA200DD2904 /* CreditCard.swift */ = {isa = PBXFileReference; lastKnownFileType = sourcecode.swift; path = CreditCard.swift; sourceTree = "<group>"; };
		333E59192859E0FB00DD2904 /* CardListCell.swift */ = {isa = PBXFileReference; lastKnownFileType = sourcecode.swift; path = CardListCell.swift; sourceTree = "<group>"; };
		333E591A2859E0FB00DD2904 /* CardListCell.xib */ = {isa = PBXFileReference; lastKnownFileType = file.xib; path = CardListCell.xib; sourceTree = "<group>"; };
		333E591D285A1E4E00DD2904 /* CardDetailViewController.swift */ = {isa = PBXFileReference; lastKnownFileType = sourcecode.swift; path = CardDetailViewController.swift; sourceTree = "<group>"; };
		333E591F285A203800DD2904 /* money.json */ = {isa = PBXFileReference; fileEncoding = 4; lastKnownFileType = text.json; name = money.json; path = "../../../../../Documents/ios강의자료/Part 3/Ch2_CreditCardList/money.json"; sourceTree = "<group>"; };
		333E5925285A2C9D00DD2904 /* GoogleService-Info.plist */ = {isa = PBXFileReference; fileEncoding = 4; lastKnownFileType = text.plist.xml; path = "GoogleService-Info.plist"; sourceTree = "<group>"; };
		333E5927285A3D6A00DD2904 /* CreditCardDummy.swift */ = {isa = PBXFileReference; fileEncoding = 4; lastKnownFileType = sourcecode.swift; path = CreditCardDummy.swift; sourceTree = "<group>"; };
		359E901027300AAFA33D9606 /* Pods-CreditCardList.release.xcconfig */ = {isa = PBXFileReference; includeInIndex = 1; lastKnownFileType = text.xcconfig; name = "Pods-CreditCardList.release.xcconfig"; path = "Target Support Files/Pods-CreditCardList/Pods-CreditCardList.release.xcconfig"; sourceTree = "<group>"; };
		519DC4AB5E9160298C6AC633 /* Pods_CreditCardList.framework */ = {isa = PBXFileReference; explicitFileType = wrapper.framework; includeInIndex = 0; path = Pods_CreditCardList.framework; sourceTree = BUILT_PRODUCTS_DIR; };
/* End PBXFileReference section */

/* Begin PBXFrameworksBuildPhase section */
		333E58F72859DC0E00DD2904 /* Frameworks */ = {
			isa = PBXFrameworksBuildPhase;
			buildActionMask = 2147483647;
			files = (
				C7CD90D23B67D1B6151A1E7E /* Pods_CreditCardList.framework in Frameworks */,
			);
			runOnlyForDeploymentPostprocessing = 0;
		};
/* End PBXFrameworksBuildPhase section */

/* Begin PBXGroup section */
		333E58F12859DC0E00DD2904 = {
			isa = PBXGroup;
			children = (
				333E58FC2859DC0E00DD2904 /* CreditCardList */,
				333E58FB2859DC0E00DD2904 /* Products */,
				5A06284B8B9BA4B3DC3B7CC6 /* Pods */,
				7809D8809953E47A0EB5FE68 /* Frameworks */,
			);
			sourceTree = "<group>";
		};
		333E58FB2859DC0E00DD2904 /* Products */ = {
			isa = PBXGroup;
			children = (
				333E58FA2859DC0E00DD2904 /* CreditCardList.app */,
			);
			name = Products;
			sourceTree = "<group>";
		};
		333E58FC2859DC0E00DD2904 /* CreditCardList */ = {
			isa = PBXGroup;
			children = (
				333E5927285A3D6A00DD2904 /* CreditCardDummy.swift */,
				333E5925285A2C9D00DD2904 /* GoogleService-Info.plist */,
				333E591F285A203800DD2904 /* money.json */,
				333E58FD2859DC0E00DD2904 /* AppDelegate.swift */,
				333E58FF2859DC0E00DD2904 /* SceneDelegate.swift */,
				333E59012859DC0E00DD2904 /* ViewController.swift */,
				333E59032859DC0E00DD2904 /* Main.storyboard */,
				333E59132859DFA200DD2904 /* CreditCard.swift */,
				333E59192859E0FB00DD2904 /* CardListCell.swift */,
				333E591A2859E0FB00DD2904 /* CardListCell.xib */,
				333E59112859DC2500DD2904 /* CardListViewController.swift */,
				333E591D285A1E4E00DD2904 /* CardDetailViewController.swift */,
				333E59062859DC0F00DD2904 /* Assets.xcassets */,
				333E59082859DC0F00DD2904 /* LaunchScreen.storyboard */,
				333E590B2859DC0F00DD2904 /* Info.plist */,
			);
			path = CreditCardList;
			sourceTree = "<group>";
		};
		5A06284B8B9BA4B3DC3B7CC6 /* Pods */ = {
			isa = PBXGroup;
			children = (
				057D424F0CE90073D9808281 /* Pods-CreditCardList.debug.xcconfig */,
				359E901027300AAFA33D9606 /* Pods-CreditCardList.release.xcconfig */,
			);
			path = Pods;
			sourceTree = "<group>";
		};
		7809D8809953E47A0EB5FE68 /* Frameworks */ = {
			isa = PBXGroup;
			children = (
				519DC4AB5E9160298C6AC633 /* Pods_CreditCardList.framework */,
			);
			name = Frameworks;
			sourceTree = "<group>";
		};
/* End PBXGroup section */

/* Begin PBXNativeTarget section */
		333E58F92859DC0E00DD2904 /* CreditCardList */ = {
			isa = PBXNativeTarget;
			buildConfigurationList = 333E590E2859DC0F00DD2904 /* Build configuration list for PBXNativeTarget "CreditCardList" */;
			buildPhases = (
				E8636575E2C8D9EC97C4746F /* [CP] Check Pods Manifest.lock */,
				333E58F62859DC0E00DD2904 /* Sources */,
				333E58F72859DC0E00DD2904 /* Frameworks */,
				333E58F82859DC0E00DD2904 /* Resources */,
				1EE078B6CBB5D6A52677D22E /* [CP] Embed Pods Frameworks */,
			);
			buildRules = (
			);
			dependencies = (
			);
			name = CreditCardList;
			productName = CreditCardList;
			productReference = 333E58FA2859DC0E00DD2904 /* CreditCardList.app */;
			productType = "com.apple.product-type.application";
		};
/* End PBXNativeTarget section */

/* Begin PBXProject section */
		333E58F22859DC0E00DD2904 /* Project object */ = {
			isa = PBXProject;
			attributes = {
				BuildIndependentTargetsInParallel = 1;
				LastSwiftUpdateCheck = 1340;
				LastUpgradeCheck = 1340;
				TargetAttributes = {
					333E58F92859DC0E00DD2904 = {
						CreatedOnToolsVersion = 13.4.1;
					};
				};
			};
			buildConfigurationList = 333E58F52859DC0E00DD2904 /* Build configuration list for PBXProject "CreditCardList" */;
			compatibilityVersion = "Xcode 13.0";
			developmentRegion = en;
			hasScannedForEncodings = 0;
			knownRegions = (
				en,
				Base,
			);
			mainGroup = 333E58F12859DC0E00DD2904;
			productRefGroup = 333E58FB2859DC0E00DD2904 /* Products */;
			projectDirPath = "";
			projectRoot = "";
			targets = (
				333E58F92859DC0E00DD2904 /* CreditCardList */,
			);
		};
/* End PBXProject section */

/* Begin PBXResourcesBuildPhase section */
		333E58F82859DC0E00DD2904 /* Resources */ = {
			isa = PBXResourcesBuildPhase;
			buildActionMask = 2147483647;
			files = (
				333E590A2859DC0F00DD2904 /* LaunchScreen.storyboard in Resources */,
				333E59072859DC0F00DD2904 /* Assets.xcassets in Resources */,
				333E5920285A203800DD2904 /* money.json in Resources */,
				333E59052859DC0E00DD2904 /* Main.storyboard in Resources */,
				333E591C2859E0FB00DD2904 /* CardListCell.xib in Resources */,
				333E5926285A2C9D00DD2904 /* GoogleService-Info.plist in Resources */,
			);
			runOnlyForDeploymentPostprocessing = 0;
		};
/* End PBXResourcesBuildPhase section */

/* Begin PBXShellScriptBuildPhase section */
		1EE078B6CBB5D6A52677D22E /* [CP] Embed Pods Frameworks */ = {
			isa = PBXShellScriptBuildPhase;
			buildActionMask = 2147483647;
			files = (
			);
			inputFileListPaths = (
				"${PODS_ROOT}/Target Support Files/Pods-CreditCardList/Pods-CreditCardList-frameworks-${CONFIGURATION}-input-files.xcfilelist",
			);
			name = "[CP] Embed Pods Frameworks";
			outputFileListPaths = (
				"${PODS_ROOT}/Target Support Files/Pods-CreditCardList/Pods-CreditCardList-frameworks-${CONFIGURATION}-output-files.xcfilelist",
			);
			runOnlyForDeploymentPostprocessing = 0;
			shellPath = /bin/sh;
			shellScript = "\"${PODS_ROOT}/Target Support Files/Pods-CreditCardList/Pods-CreditCardList-frameworks.sh\"\n";
			showEnvVarsInLog = 0;
		};
		E8636575E2C8D9EC97C4746F /* [CP] Check Pods Manifest.lock */ = {
			isa = PBXShellScriptBuildPhase;
			buildActionMask = 2147483647;
			files = (
			);
			inputFileListPaths = (
			);
			inputPaths = (
				"${PODS_PODFILE_DIR_PATH}/Podfile.lock",
				"${PODS_ROOT}/Manifest.lock",
			);
			name = "[CP] Check Pods Manifest.lock";
			outputFileListPaths = (
			);
			outputPaths = (
				"$(DERIVED_FILE_DIR)/Pods-CreditCardList-checkManifestLockResult.txt",
			);
			runOnlyForDeploymentPostprocessing = 0;
			shellPath = /bin/sh;
			shellScript = "diff \"${PODS_PODFILE_DIR_PATH}/Podfile.lock\" \"${PODS_ROOT}/Manifest.lock\" > /dev/null\nif [ $? != 0 ] ; then\n    # print error to STDERR\n    echo \"error: The sandbox is not in sync with the Podfile.lock. Run 'pod install' or update your CocoaPods installation.\" >&2\n    exit 1\nfi\n# This output is used by Xcode 'outputs' to avoid re-running this script phase.\necho \"SUCCESS\" > \"${SCRIPT_OUTPUT_FILE_0}\"\n";
			showEnvVarsInLog = 0;
		};
/* End PBXShellScriptBuildPhase section */

/* Begin PBXSourcesBuildPhase section */
		333E58F62859DC0E00DD2904 /* Sources */ = {
			isa = PBXSourcesBuildPhase;
			buildActionMask = 2147483647;
			files = (
				333E59122859DC2500DD2904 /* CardListViewController.swift in Sources */,
				333E5928285A3D6A00DD2904 /* CreditCardDummy.swift in Sources */,
				333E59142859DFA200DD2904 /* CreditCard.swift in Sources */,
				333E59022859DC0E00DD2904 /* ViewController.swift in Sources */,
				333E591B2859E0FB00DD2904 /* CardListCell.swift in Sources */,
				333E58FE2859DC0E00DD2904 /* AppDelegate.swift in Sources */,
				333E59002859DC0E00DD2904 /* SceneDelegate.swift in Sources */,
				333E591E285A1E4E00DD2904 /* CardDetailViewController.swift in Sources */,
			);
			runOnlyForDeploymentPostprocessing = 0;
		};
/* End PBXSourcesBuildPhase section */

/* Begin PBXVariantGroup section */
		333E59032859DC0E00DD2904 /* Main.storyboard */ = {
			isa = PBXVariantGroup;
			children = (
				333E59042859DC0E00DD2904 /* Base */,
			);
			name = Main.storyboard;
			sourceTree = "<group>";
		};
		333E59082859DC0F00DD2904 /* LaunchScreen.storyboard */ = {
			isa = PBXVariantGroup;
			children = (
				333E59092859DC0F00DD2904 /* Base */,
			);
			name = LaunchScreen.storyboard;
			sourceTree = "<group>";
		};
/* End PBXVariantGroup section */

/* Begin XCBuildConfiguration section */
		333E590C2859DC0F00DD2904 /* Debug */ = {
			isa = XCBuildConfiguration;
			buildSettings = {
				ALWAYS_SEARCH_USER_PATHS = NO;
				CLANG_ANALYZER_NONNULL = YES;
				CLANG_ANALYZER_NUMBER_OBJECT_CONVERSION = YES_AGGRESSIVE;
				CLANG_CXX_LANGUAGE_STANDARD = "gnu++17";
				CLANG_ENABLE_MODULES = YES;
				CLANG_ENABLE_OBJC_ARC = YES;
				CLANG_ENABLE_OBJC_WEAK = YES;
				CLANG_WARN_BLOCK_CAPTURE_AUTORELEASING = YES;
				CLANG_WARN_BOOL_CONVERSION = YES;
				CLANG_WARN_COMMA = YES;
				CLANG_WARN_CONSTANT_CONVERSION = YES;
				CLANG_WARN_DEPRECATED_OBJC_IMPLEMENTATIONS = YES;
				CLANG_WARN_DIRECT_OBJC_ISA_USAGE = YES_ERROR;
				CLANG_WARN_DOCUMENTATION_COMMENTS = YES;
				CLANG_WARN_EMPTY_BODY = YES;
				CLANG_WARN_ENUM_CONVERSION = YES;
				CLANG_WARN_INFINITE_RECURSION = YES;
				CLANG_WARN_INT_CONVERSION = YES;
				CLANG_WARN_NON_LITERAL_NULL_CONVERSION = YES;
				CLANG_WARN_OBJC_IMPLICIT_RETAIN_SELF = YES;
				CLANG_WARN_OBJC_LITERAL_CONVERSION = YES;
				CLANG_WARN_OBJC_ROOT_CLASS = YES_ERROR;
				CLANG_WARN_QUOTED_INCLUDE_IN_FRAMEWORK_HEADER = YES;
				CLANG_WARN_RANGE_LOOP_ANALYSIS = YES;
				CLANG_WARN_STRICT_PROTOTYPES = YES;
				CLANG_WARN_SUSPICIOUS_MOVE = YES;
				CLANG_WARN_UNGUARDED_AVAILABILITY = YES_AGGRESSIVE;
				CLANG_WARN_UNREACHABLE_CODE = YES;
				CLANG_WARN__DUPLICATE_METHOD_MATCH = YES;
				COPY_PHASE_STRIP = NO;
				DEBUG_INFORMATION_FORMAT = dwarf;
				ENABLE_STRICT_OBJC_MSGSEND = YES;
				ENABLE_TESTABILITY = YES;
				GCC_C_LANGUAGE_STANDARD = gnu11;
				GCC_DYNAMIC_NO_PIC = NO;
				GCC_NO_COMMON_BLOCKS = YES;
				GCC_OPTIMIZATION_LEVEL = 0;
				GCC_PREPROCESSOR_DEFINITIONS = (
					"DEBUG=1",
					"$(inherited)",
				);
				GCC_WARN_64_TO_32_BIT_CONVERSION = YES;
				GCC_WARN_ABOUT_RETURN_TYPE = YES_ERROR;
				GCC_WARN_UNDECLARED_SELECTOR = YES;
				GCC_WARN_UNINITIALIZED_AUTOS = YES_AGGRESSIVE;
				GCC_WARN_UNUSED_FUNCTION = YES;
				GCC_WARN_UNUSED_VARIABLE = YES;
				IPHONEOS_DEPLOYMENT_TARGET = 15.5;
				MTL_ENABLE_DEBUG_INFO = INCLUDE_SOURCE;
				MTL_FAST_MATH = YES;
				ONLY_ACTIVE_ARCH = YES;
				SDKROOT = iphoneos;
				SWIFT_ACTIVE_COMPILATION_CONDITIONS = DEBUG;
				SWIFT_OPTIMIZATION_LEVEL = "-Onone";
			};
			name = Debug;
		};
		333E590D2859DC0F00DD2904 /* Release */ = {
			isa = XCBuildConfiguration;
			buildSettings = {
				ALWAYS_SEARCH_USER_PATHS = NO;
				CLANG_ANALYZER_NONNULL = YES;
				CLANG_ANALYZER_NUMBER_OBJECT_CONVERSION = YES_AGGRESSIVE;
				CLANG_CXX_LANGUAGE_STANDARD = "gnu++17";
				CLANG_ENABLE_MODULES = YES;
				CLANG_ENABLE_OBJC_ARC = YES;
				CLANG_ENABLE_OBJC_WEAK = YES;
				CLANG_WARN_BLOCK_CAPTURE_AUTORELEASING = YES;
				CLANG_WARN_BOOL_CONVERSION = YES;
				CLANG_WARN_COMMA = YES;
				CLANG_WARN_CONSTANT_CONVERSION = YES;
				CLANG_WARN_DEPRECATED_OBJC_IMPLEMENTATIONS = YES;
				CLANG_WARN_DIRECT_OBJC_ISA_USAGE = YES_ERROR;
				CLANG_WARN_DOCUMENTATION_COMMENTS = YES;
				CLANG_WARN_EMPTY_BODY = YES;
				CLANG_WARN_ENUM_CONVERSION = YES;
				CLANG_WARN_INFINITE_RECURSION = YES;
				CLANG_WARN_INT_CONVERSION = YES;
				CLANG_WARN_NON_LITERAL_NULL_CONVERSION = YES;
				CLANG_WARN_OBJC_IMPLICIT_RETAIN_SELF = YES;
				CLANG_WARN_OBJC_LITERAL_CONVERSION = YES;
				CLANG_WARN_OBJC_ROOT_CLASS = YES_ERROR;
				CLANG_WARN_QUOTED_INCLUDE_IN_FRAMEWORK_HEADER = YES;
				CLANG_WARN_RANGE_LOOP_ANALYSIS = YES;
				CLANG_WARN_STRICT_PROTOTYPES = YES;
				CLANG_WARN_SUSPICIOUS_MOVE = YES;
				CLANG_WARN_UNGUARDED_AVAILABILITY = YES_AGGRESSIVE;
				CLANG_WARN_UNREACHABLE_CODE = YES;
				CLANG_WARN__DUPLICATE_METHOD_MATCH = YES;
				COPY_PHASE_STRIP = NO;
				DEBUG_INFORMATION_FORMAT = "dwarf-with-dsym";
				ENABLE_NS_ASSERTIONS = NO;
				ENABLE_STRICT_OBJC_MSGSEND = YES;
				GCC_C_LANGUAGE_STANDARD = gnu11;
				GCC_NO_COMMON_BLOCKS = YES;
				GCC_WARN_64_TO_32_BIT_CONVERSION = YES;
				GCC_WARN_ABOUT_RETURN_TYPE = YES_ERROR;
				GCC_WARN_UNDECLARED_SELECTOR = YES;
				GCC_WARN_UNINITIALIZED_AUTOS = YES_AGGRESSIVE;
				GCC_WARN_UNUSED_FUNCTION = YES;
				GCC_WARN_UNUSED_VARIABLE = YES;
				IPHONEOS_DEPLOYMENT_TARGET = 15.5;
				MTL_ENABLE_DEBUG_INFO = NO;
				MTL_FAST_MATH = YES;
				SDKROOT = iphoneos;
				SWIFT_COMPILATION_MODE = wholemodule;
				SWIFT_OPTIMIZATION_LEVEL = "-O";
				VALIDATE_PRODUCT = YES;
			};
			name = Release;
		};
		333E590F2859DC0F00DD2904 /* Debug */ = {
			isa = XCBuildConfiguration;
			baseConfigurationReference = 057D424F0CE90073D9808281 /* Pods-CreditCardList.debug.xcconfig */;
			buildSettings = {
				ASSETCATALOG_COMPILER_APPICON_NAME = AppIcon;
				ASSETCATALOG_COMPILER_GLOBAL_ACCENT_COLOR_NAME = AccentColor;
				CODE_SIGN_STYLE = Automatic;
				CURRENT_PROJECT_VERSION = 1;
				DEVELOPMENT_TEAM = 8UZ8DJTY29;
				GENERATE_INFOPLIST_FILE = YES;
				INFOPLIST_FILE = CreditCardList/Info.plist;
				INFOPLIST_KEY_UIApplicationSupportsIndirectInputEvents = YES;
				INFOPLIST_KEY_UILaunchStoryboardName = LaunchScreen;
				INFOPLIST_KEY_UIMainStoryboardFile = Main;
				INFOPLIST_KEY_UISupportedInterfaceOrientations_iPad = "UIInterfaceOrientationPortrait UIInterfaceOrientationPortraitUpsideDown UIInterfaceOrientationLandscapeLeft UIInterfaceOrientationLandscapeRight";
				INFOPLIST_KEY_UISupportedInterfaceOrientations_iPhone = "UIInterfaceOrientationPortrait UIInterfaceOrientationLandscapeLeft UIInterfaceOrientationLandscapeRight";
				LD_RUNPATH_SEARCH_PATHS = (
					"$(inherited)",
					"@executable_path/Frameworks",
				);
				MARKETING_VERSION = 1.0;
				PRODUCT_BUNDLE_IDENTIFIER = hana.CreditCardList;
				PRODUCT_NAME = "$(TARGET_NAME)";
				SWIFT_EMIT_LOC_STRINGS = YES;
				SWIFT_VERSION = 5.0;
				TARGETED_DEVICE_FAMILY = "1,2";
			};
			name = Debug;
		};
		333E59102859DC0F00DD2904 /* Release */ = {
			isa = XCBuildConfiguration;
			baseConfigurationReference = 359E901027300AAFA33D9606 /* Pods-CreditCardList.release.xcconfig */;
			buildSettings = {
				ASSETCATALOG_COMPILER_APPICON_NAME = AppIcon;
				ASSETCATALOG_COMPILER_GLOBAL_ACCENT_COLOR_NAME = AccentColor;
				CODE_SIGN_STYLE = Automatic;
				CURRENT_PROJECT_VERSION = 1;
				DEVELOPMENT_TEAM = 8UZ8DJTY29;
				GENERATE_INFOPLIST_FILE = YES;
				INFOPLIST_FILE = CreditCardList/Info.plist;
				INFOPLIST_KEY_UIApplicationSupportsIndirectInputEvents = YES;
				INFOPLIST_KEY_UILaunchStoryboardName = LaunchScreen;
				INFOPLIST_KEY_UIMainStoryboardFile = Main;
				INFOPLIST_KEY_UISupportedInterfaceOrientations_iPad = "UIInterfaceOrientationPortrait UIInterfaceOrientationPortraitUpsideDown UIInterfaceOrientationLandscapeLeft UIInterfaceOrientationLandscapeRight";
				INFOPLIST_KEY_UISupportedInterfaceOrientations_iPhone = "UIInterfaceOrientationPortrait UIInterfaceOrientationLandscapeLeft UIInterfaceOrientationLandscapeRight";
				LD_RUNPATH_SEARCH_PATHS = (
					"$(inherited)",
					"@executable_path/Frameworks",
				);
				MARKETING_VERSION = 1.0;
				PRODUCT_BUNDLE_IDENTIFIER = hana.CreditCardList;
				PRODUCT_NAME = "$(TARGET_NAME)";
				SWIFT_EMIT_LOC_STRINGS = YES;
				SWIFT_VERSION = 5.0;
				TARGETED_DEVICE_FAMILY = "1,2";
			};
			name = Release;
		};
/* End XCBuildConfiguration section */

/* Begin XCConfigurationList section */
		333E58F52859DC0E00DD2904 /* Build configuration list for PBXProject "CreditCardList" */ = {
			isa = XCConfigurationList;
			buildConfigurations = (
				333E590C2859DC0F00DD2904 /* Debug */,
				333E590D2859DC0F00DD2904 /* Release */,
			);
			defaultConfigurationIsVisible = 0;
			defaultConfigurationName = Release;
		};
		333E590E2859DC0F00DD2904 /* Build configuration list for PBXNativeTarget "CreditCardList" */ = {
			isa = XCConfigurationList;
			buildConfigurations = (
				333E590F2859DC0F00DD2904 /* Debug */,
				333E59102859DC0F00DD2904 /* Release */,
			);
			defaultConfigurationIsVisible = 0;
			defaultConfigurationName = Release;
		};
/* End XCConfigurationList section */
	};
	rootObject = 333E58F22859DC0E00DD2904 /* Project object */;
}
