// !$*UTF8*$!
{
	archiveVersion = 1;
	classes = {
	};
	objectVersion = 56;
	objects = {

/* Begin PBXBuildFile section */
		3373C561299E673B00E5758A /* AppDelegate.swift in Sources */ = {isa = PBXBuildFile; fileRef = 3373C560299E673B00E5758A /* AppDelegate.swift */; };
		3373C563299E673B00E5758A /* SceneDelegate.swift in Sources */ = {isa = PBXBuildFile; fileRef = 3373C562299E673B00E5758A /* SceneDelegate.swift */; };
		3373C565299E673B00E5758A /* ReviewListViewController.swift in Sources */ = {isa = PBXBuildFile; fileRef = 3373C564299E673B00E5758A /* ReviewListViewController.swift */; };
		3373C56A299E673E00E5758A /* Assets.xcassets in Resources */ = {isa = PBXBuildFile; fileRef = 3373C569299E673E00E5758A /* Assets.xcassets */; };
		3373C56D299E673E00E5758A /* LaunchScreen.storyboard in Resources */ = {isa = PBXBuildFile; fileRef = 3373C56B299E673E00E5758A /* LaunchScreen.storyboard */; };
		3373C578299E673E00E5758A /* BookReviewTests.swift in Sources */ = {isa = PBXBuildFile; fileRef = 3373C577299E673E00E5758A /* BookReviewTests.swift */; };
		3373C582299E673E00E5758A /* BookReviewUITests.swift in Sources */ = {isa = PBXBuildFile; fileRef = 3373C581299E673E00E5758A /* BookReviewUITests.swift */; };
		3373C584299E673E00E5758A /* BookReviewUITestsLaunchTests.swift in Sources */ = {isa = PBXBuildFile; fileRef = 3373C583299E673E00E5758A /* BookReviewUITestsLaunchTests.swift */; };
		3373C592299E679300E5758A /* SnapKit in Frameworks */ = {isa = PBXBuildFile; productRef = 3373C591299E679300E5758A /* SnapKit */; };
		3373C595299E67AA00E5758A /* Alamofire in Frameworks */ = {isa = PBXBuildFile; productRef = 3373C594299E67AA00E5758A /* Alamofire */; };
		3373C598299E67BD00E5758A /* Kingfisher in Frameworks */ = {isa = PBXBuildFile; productRef = 3373C597299E67BD00E5758A /* Kingfisher */; };
		3373C59A299E695200E5758A /* ReviewListPresenter.swift in Sources */ = {isa = PBXBuildFile; fileRef = 3373C599299E695200E5758A /* ReviewListPresenter.swift */; };
		3373C59E299E6F7800E5758A /* ReviewWriteViewController.swift in Sources */ = {isa = PBXBuildFile; fileRef = 3373C59D299E6F7800E5758A /* ReviewWriteViewController.swift */; };
		3373C5A0299E6F8100E5758A /* ReviewWritePresenter.swift in Sources */ = {isa = PBXBuildFile; fileRef = 3373C59F299E6F8100E5758A /* ReviewWritePresenter.swift */; };
		3373C5A3299E7E5800E5758A /* SearchBookViewController.swift in Sources */ = {isa = PBXBuildFile; fileRef = 3373C5A2299E7E5800E5758A /* SearchBookViewController.swift */; };
		3373C5A5299E7E7000E5758A /* SearchBookPresenter.swift in Sources */ = {isa = PBXBuildFile; fileRef = 3373C5A4299E7E7000E5758A /* SearchBookPresenter.swift */; };
		3373C5A8299E9FB100E5758A /* BookSearchRequestModel.swift in Sources */ = {isa = PBXBuildFile; fileRef = 3373C5A7299E9FB100E5758A /* BookSearchRequestModel.swift */; };
		3373C5AB299EA01500E5758A /* BookSearchResponseModel.swift in Sources */ = {isa = PBXBuildFile; fileRef = 3373C5AA299EA01500E5758A /* BookSearchResponseModel.swift */; };
		3373C5AD299EA0B400E5758A /* Book.swift in Sources */ = {isa = PBXBuildFile; fileRef = 3373C5AC299EA0B400E5758A /* Book.swift */; };
		3373C5AF299EA10100E5758A /* BookSearchManager.swift in Sources */ = {isa = PBXBuildFile; fileRef = 3373C5AE299EA10100E5758A /* BookSearchManager.swift */; };
		3373C5B229A3605600E5758A /* UserDefaultsManager.swift in Sources */ = {isa = PBXBuildFile; fileRef = 3373C5B129A3605600E5758A /* UserDefaultsManager.swift */; };
		3373C5B429A3607600E5758A /* BookReview.swift in Sources */ = {isa = PBXBuildFile; fileRef = 3373C5B329A3607600E5758A /* BookReview.swift */; };
/* End PBXBuildFile section */

/* Begin PBXContainerItemProxy section */
		3373C574299E673E00E5758A /* PBXContainerItemProxy */ = {
			isa = PBXContainerItemProxy;
			containerPortal = 3373C555299E673B00E5758A /* Project object */;
			proxyType = 1;
			remoteGlobalIDString = 3373C55C299E673B00E5758A;
			remoteInfo = BookReview;
		};
		3373C57E299E673E00E5758A /* PBXContainerItemProxy */ = {
			isa = PBXContainerItemProxy;
			containerPortal = 3373C555299E673B00E5758A /* Project object */;
			proxyType = 1;
			remoteGlobalIDString = 3373C55C299E673B00E5758A;
			remoteInfo = BookReview;
		};
/* End PBXContainerItemProxy section */

/* Begin PBXFileReference section */
		3373C55D299E673B00E5758A /* BookReview.app */ = {isa = PBXFileReference; explicitFileType = wrapper.application; includeInIndex = 0; path = BookReview.app; sourceTree = BUILT_PRODUCTS_DIR; };
		3373C560299E673B00E5758A /* AppDelegate.swift */ = {isa = PBXFileReference; lastKnownFileType = sourcecode.swift; path = AppDelegate.swift; sourceTree = "<group>"; };
		3373C562299E673B00E5758A /* SceneDelegate.swift */ = {isa = PBXFileReference; lastKnownFileType = sourcecode.swift; path = SceneDelegate.swift; sourceTree = "<group>"; };
		3373C564299E673B00E5758A /* ReviewListViewController.swift */ = {isa = PBXFileReference; lastKnownFileType = sourcecode.swift; path = ReviewListViewController.swift; sourceTree = "<group>"; };
		3373C569299E673E00E5758A /* Assets.xcassets */ = {isa = PBXFileReference; lastKnownFileType = folder.assetcatalog; path = Assets.xcassets; sourceTree = "<group>"; };
		3373C56C299E673E00E5758A /* Base */ = {isa = PBXFileReference; lastKnownFileType = file.storyboard; name = Base; path = Base.lproj/LaunchScreen.storyboard; sourceTree = "<group>"; };
		3373C56E299E673E00E5758A /* Info.plist */ = {isa = PBXFileReference; lastKnownFileType = text.plist.xml; path = Info.plist; sourceTree = "<group>"; };
		3373C573299E673E00E5758A /* BookReviewTests.xctest */ = {isa = PBXFileReference; explicitFileType = wrapper.cfbundle; includeInIndex = 0; path = BookReviewTests.xctest; sourceTree = BUILT_PRODUCTS_DIR; };
		3373C577299E673E00E5758A /* BookReviewTests.swift */ = {isa = PBXFileReference; lastKnownFileType = sourcecode.swift; path = BookReviewTests.swift; sourceTree = "<group>"; };
		3373C57D299E673E00E5758A /* BookReviewUITests.xctest */ = {isa = PBXFileReference; explicitFileType = wrapper.cfbundle; includeInIndex = 0; path = BookReviewUITests.xctest; sourceTree = BUILT_PRODUCTS_DIR; };
		3373C581299E673E00E5758A /* BookReviewUITests.swift */ = {isa = PBXFileReference; lastKnownFileType = sourcecode.swift; path = BookReviewUITests.swift; sourceTree = "<group>"; };
		3373C583299E673E00E5758A /* BookReviewUITestsLaunchTests.swift */ = {isa = PBXFileReference; lastKnownFileType = sourcecode.swift; path = BookReviewUITestsLaunchTests.swift; sourceTree = "<group>"; };
		3373C599299E695200E5758A /* ReviewListPresenter.swift */ = {isa = PBXFileReference; lastKnownFileType = sourcecode.swift; path = ReviewListPresenter.swift; sourceTree = "<group>"; };
		3373C59D299E6F7800E5758A /* ReviewWriteViewController.swift */ = {isa = PBXFileReference; lastKnownFileType = sourcecode.swift; path = ReviewWriteViewController.swift; sourceTree = "<group>"; };
		3373C59F299E6F8100E5758A /* ReviewWritePresenter.swift */ = {isa = PBXFileReference; lastKnownFileType = sourcecode.swift; path = ReviewWritePresenter.swift; sourceTree = "<group>"; };
		3373C5A2299E7E5800E5758A /* SearchBookViewController.swift */ = {isa = PBXFileReference; lastKnownFileType = sourcecode.swift; path = SearchBookViewController.swift; sourceTree = "<group>"; };
		3373C5A4299E7E7000E5758A /* SearchBookPresenter.swift */ = {isa = PBXFileReference; lastKnownFileType = sourcecode.swift; path = SearchBookPresenter.swift; sourceTree = "<group>"; };
		3373C5A7299E9FB100E5758A /* BookSearchRequestModel.swift */ = {isa = PBXFileReference; lastKnownFileType = sourcecode.swift; path = BookSearchRequestModel.swift; sourceTree = "<group>"; };
		3373C5AA299EA01500E5758A /* BookSearchResponseModel.swift */ = {isa = PBXFileReference; lastKnownFileType = sourcecode.swift; path = BookSearchResponseModel.swift; sourceTree = "<group>"; };
		3373C5AC299EA0B400E5758A /* Book.swift */ = {isa = PBXFileReference; lastKnownFileType = sourcecode.swift; path = Book.swift; sourceTree = "<group>"; };
		3373C5AE299EA10100E5758A /* BookSearchManager.swift */ = {isa = PBXFileReference; lastKnownFileType = sourcecode.swift; path = BookSearchManager.swift; sourceTree = "<group>"; };
		3373C5B129A3605600E5758A /* UserDefaultsManager.swift */ = {isa = PBXFileReference; lastKnownFileType = sourcecode.swift; path = UserDefaultsManager.swift; sourceTree = "<group>"; };
		3373C5B329A3607600E5758A /* BookReview.swift */ = {isa = PBXFileReference; lastKnownFileType = sourcecode.swift; path = BookReview.swift; sourceTree = "<group>"; };
/* End PBXFileReference section */

/* Begin PBXFrameworksBuildPhase section */
		3373C55A299E673B00E5758A /* Frameworks */ = {
			isa = PBXFrameworksBuildPhase;
			buildActionMask = 2147483647;
			files = (
				3373C598299E67BD00E5758A /* Kingfisher in Frameworks */,
				3373C592299E679300E5758A /* SnapKit in Frameworks */,
				3373C595299E67AA00E5758A /* Alamofire in Frameworks */,
			);
			runOnlyForDeploymentPostprocessing = 0;
		};
		3373C570299E673E00E5758A /* Frameworks */ = {
			isa = PBXFrameworksBuildPhase;
			buildActionMask = 2147483647;
			files = (
			);
			runOnlyForDeploymentPostprocessing = 0;
		};
		3373C57A299E673E00E5758A /* Frameworks */ = {
			isa = PBXFrameworksBuildPhase;
			buildActionMask = 2147483647;
			files = (
			);
			runOnlyForDeploymentPostprocessing = 0;
		};
/* End PBXFrameworksBuildPhase section */

/* Begin PBXGroup section */
		3373C554299E673B00E5758A = {
			isa = PBXGroup;
			children = (
				3373C55F299E673B00E5758A /* BookReview */,
				3373C576299E673E00E5758A /* BookReviewTests */,
				3373C580299E673E00E5758A /* BookReviewUITests */,
				3373C55E299E673B00E5758A /* Products */,
			);
			sourceTree = "<group>";
		};
		3373C55E299E673B00E5758A /* Products */ = {
			isa = PBXGroup;
			children = (
				3373C55D299E673B00E5758A /* BookReview.app */,
				3373C573299E673E00E5758A /* BookReviewTests.xctest */,
				3373C57D299E673E00E5758A /* BookReviewUITests.xctest */,
			);
			name = Products;
			sourceTree = "<group>";
		};
		3373C55F299E673B00E5758A /* BookReview */ = {
			isa = PBXGroup;
			children = (
				3373C560299E673B00E5758A /* AppDelegate.swift */,
				3373C562299E673B00E5758A /* SceneDelegate.swift */,
				3373C59C299E696000E5758A /* Scene */,
				3373C569299E673E00E5758A /* Assets.xcassets */,
				3373C56B299E673E00E5758A /* LaunchScreen.storyboard */,
				3373C56E299E673E00E5758A /* Info.plist */,
				3373C5B0299EA10600E5758A /* Manager */,
				3373C5A9299E9FB600E5758A /* Models */,
			);
			path = BookReview;
			sourceTree = "<group>";
		};
		3373C576299E673E00E5758A /* BookReviewTests */ = {
			isa = PBXGroup;
			children = (
				3373C577299E673E00E5758A /* BookReviewTests.swift */,
			);
			path = BookReviewTests;
			sourceTree = "<group>";
		};
		3373C580299E673E00E5758A /* BookReviewUITests */ = {
			isa = PBXGroup;
			children = (
				3373C581299E673E00E5758A /* BookReviewUITests.swift */,
				3373C583299E673E00E5758A /* BookReviewUITestsLaunchTests.swift */,
			);
			path = BookReviewUITests;
			sourceTree = "<group>";
		};
		3373C59B299E695700E5758A /* ReviewList */ = {
			isa = PBXGroup;
			children = (
				3373C564299E673B00E5758A /* ReviewListViewController.swift */,
				3373C599299E695200E5758A /* ReviewListPresenter.swift */,
			);
			path = ReviewList;
			sourceTree = "<group>";
		};
		3373C59C299E696000E5758A /* Scene */ = {
			isa = PBXGroup;
			children = (
				3373C59B299E695700E5758A /* ReviewList */,
				3373C5A1299E6F8600E5758A /* ReviewWrite */,
				3373C5A6299E7E7800E5758A /* SearchBook */,
			);
			path = Scene;
			sourceTree = "<group>";
		};
		3373C5A1299E6F8600E5758A /* ReviewWrite */ = {
			isa = PBXGroup;
			children = (
				3373C59D299E6F7800E5758A /* ReviewWriteViewController.swift */,
				3373C59F299E6F8100E5758A /* ReviewWritePresenter.swift */,
			);
			path = ReviewWrite;
			sourceTree = "<group>";
		};
		3373C5A6299E7E7800E5758A /* SearchBook */ = {
			isa = PBXGroup;
			children = (
				3373C5A2299E7E5800E5758A /* SearchBookViewController.swift */,
				3373C5A4299E7E7000E5758A /* SearchBookPresenter.swift */,
			);
			path = SearchBook;
			sourceTree = "<group>";
		};
		3373C5A9299E9FB600E5758A /* Models */ = {
			isa = PBXGroup;
			children = (
				3373C5A7299E9FB100E5758A /* BookSearchRequestModel.swift */,
				3373C5AA299EA01500E5758A /* BookSearchResponseModel.swift */,
				3373C5AC299EA0B400E5758A /* Book.swift */,
				3373C5B329A3607600E5758A /* BookReview.swift */,
			);
			path = Models;
			sourceTree = "<group>";
		};
		3373C5B0299EA10600E5758A /* Manager */ = {
			isa = PBXGroup;
			children = (
				3373C5AE299EA10100E5758A /* BookSearchManager.swift */,
				3373C5B129A3605600E5758A /* UserDefaultsManager.swift */,
			);
			path = Manager;
			sourceTree = "<group>";
		};
/* End PBXGroup section */

/* Begin PBXNativeTarget section */
		3373C55C299E673B00E5758A /* BookReview */ = {
			isa = PBXNativeTarget;
			buildConfigurationList = 3373C587299E673E00E5758A /* Build configuration list for PBXNativeTarget "BookReview" */;
			buildPhases = (
				3373C559299E673B00E5758A /* Sources */,
				3373C55A299E673B00E5758A /* Frameworks */,
				3373C55B299E673B00E5758A /* Resources */,
			);
			buildRules = (
			);
			dependencies = (
			);
			name = BookReview;
			packageProductDependencies = (
				3373C591299E679300E5758A /* SnapKit */,
				3373C594299E67AA00E5758A /* Alamofire */,
				3373C597299E67BD00E5758A /* Kingfisher */,
			);
			productName = BookReview;
			productReference = 3373C55D299E673B00E5758A /* BookReview.app */;
			productType = "com.apple.product-type.application";
		};
		3373C572299E673E00E5758A /* BookReviewTests */ = {
			isa = PBXNativeTarget;
			buildConfigurationList = 3373C58A299E673E00E5758A /* Build configuration list for PBXNativeTarget "BookReviewTests" */;
			buildPhases = (
				3373C56F299E673E00E5758A /* Sources */,
				3373C570299E673E00E5758A /* Frameworks */,
				3373C571299E673E00E5758A /* Resources */,
			);
			buildRules = (
			);
			dependencies = (
				3373C575299E673E00E5758A /* PBXTargetDependency */,
			);
			name = BookReviewTests;
			productName = BookReviewTests;
			productReference = 3373C573299E673E00E5758A /* BookReviewTests.xctest */;
			productType = "com.apple.product-type.bundle.unit-test";
		};
		3373C57C299E673E00E5758A /* BookReviewUITests */ = {
			isa = PBXNativeTarget;
			buildConfigurationList = 3373C58D299E673E00E5758A /* Build configuration list for PBXNativeTarget "BookReviewUITests" */;
			buildPhases = (
				3373C579299E673E00E5758A /* Sources */,
				3373C57A299E673E00E5758A /* Frameworks */,
				3373C57B299E673E00E5758A /* Resources */,
			);
			buildRules = (
			);
			dependencies = (
				3373C57F299E673E00E5758A /* PBXTargetDependency */,
			);
			name = BookReviewUITests;
			productName = BookReviewUITests;
			productReference = 3373C57D299E673E00E5758A /* BookReviewUITests.xctest */;
			productType = "com.apple.product-type.bundle.ui-testing";
		};
/* End PBXNativeTarget section */

/* Begin PBXProject section */
		3373C555299E673B00E5758A /* Project object */ = {
			isa = PBXProject;
			attributes = {
				BuildIndependentTargetsInParallel = 1;
				LastSwiftUpdateCheck = 1420;
				LastUpgradeCheck = 1420;
				TargetAttributes = {
					3373C55C299E673B00E5758A = {
						CreatedOnToolsVersion = 14.2;
					};
					3373C572299E673E00E5758A = {
						CreatedOnToolsVersion = 14.2;
						TestTargetID = 3373C55C299E673B00E5758A;
					};
					3373C57C299E673E00E5758A = {
						CreatedOnToolsVersion = 14.2;
						TestTargetID = 3373C55C299E673B00E5758A;
					};
				};
			};
			buildConfigurationList = 3373C558299E673B00E5758A /* Build configuration list for PBXProject "BookReview" */;
			compatibilityVersion = "Xcode 14.0";
			developmentRegion = en;
			hasScannedForEncodings = 0;
			knownRegions = (
				en,
				Base,
			);
			mainGroup = 3373C554299E673B00E5758A;
			packageReferences = (
				3373C590299E679300E5758A /* XCRemoteSwiftPackageReference "SnapKit" */,
				3373C593299E67AA00E5758A /* XCRemoteSwiftPackageReference "Alamofire" */,
				3373C596299E67BD00E5758A /* XCRemoteSwiftPackageReference "KingFisher" */,
			);
			productRefGroup = 3373C55E299E673B00E5758A /* Products */;
			projectDirPath = "";
			projectRoot = "";
			targets = (
				3373C55C299E673B00E5758A /* BookReview */,
				3373C572299E673E00E5758A /* BookReviewTests */,
				3373C57C299E673E00E5758A /* BookReviewUITests */,
			);
		};
/* End PBXProject section */

/* Begin PBXResourcesBuildPhase section */
		3373C55B299E673B00E5758A /* Resources */ = {
			isa = PBXResourcesBuildPhase;
			buildActionMask = 2147483647;
			files = (
				3373C56D299E673E00E5758A /* LaunchScreen.storyboard in Resources */,
				3373C56A299E673E00E5758A /* Assets.xcassets in Resources */,
			);
			runOnlyForDeploymentPostprocessing = 0;
		};
		3373C571299E673E00E5758A /* Resources */ = {
			isa = PBXResourcesBuildPhase;
			buildActionMask = 2147483647;
			files = (
			);
			runOnlyForDeploymentPostprocessing = 0;
		};
		3373C57B299E673E00E5758A /* Resources */ = {
			isa = PBXResourcesBuildPhase;
			buildActionMask = 2147483647;
			files = (
			);
			runOnlyForDeploymentPostprocessing = 0;
		};
/* End PBXResourcesBuildPhase section */

/* Begin PBXSourcesBuildPhase section */
		3373C559299E673B00E5758A /* Sources */ = {
			isa = PBXSourcesBuildPhase;
			buildActionMask = 2147483647;
			files = (
				3373C5A0299E6F8100E5758A /* ReviewWritePresenter.swift in Sources */,
				3373C565299E673B00E5758A /* ReviewListViewController.swift in Sources */,
				3373C5A8299E9FB100E5758A /* BookSearchRequestModel.swift in Sources */,
				3373C5B229A3605600E5758A /* UserDefaultsManager.swift in Sources */,
				3373C5B429A3607600E5758A /* BookReview.swift in Sources */,
				3373C5AD299EA0B400E5758A /* Book.swift in Sources */,
				3373C561299E673B00E5758A /* AppDelegate.swift in Sources */,
				3373C5A3299E7E5800E5758A /* SearchBookViewController.swift in Sources */,
				3373C5AB299EA01500E5758A /* BookSearchResponseModel.swift in Sources */,
				3373C59E299E6F7800E5758A /* ReviewWriteViewController.swift in Sources */,
				3373C5A5299E7E7000E5758A /* SearchBookPresenter.swift in Sources */,
				3373C59A299E695200E5758A /* ReviewListPresenter.swift in Sources */,
				3373C5AF299EA10100E5758A /* BookSearchManager.swift in Sources */,
				3373C563299E673B00E5758A /* SceneDelegate.swift in Sources */,
			);
			runOnlyForDeploymentPostprocessing = 0;
		};
		3373C56F299E673E00E5758A /* Sources */ = {
			isa = PBXSourcesBuildPhase;
			buildActionMask = 2147483647;
			files = (
				3373C578299E673E00E5758A /* BookReviewTests.swift in Sources */,
			);
			runOnlyForDeploymentPostprocessing = 0;
		};
		3373C579299E673E00E5758A /* Sources */ = {
			isa = PBXSourcesBuildPhase;
			buildActionMask = 2147483647;
			files = (
				3373C582299E673E00E5758A /* BookReviewUITests.swift in Sources */,
				3373C584299E673E00E5758A /* BookReviewUITestsLaunchTests.swift in Sources */,
			);
			runOnlyForDeploymentPostprocessing = 0;
		};
/* End PBXSourcesBuildPhase section */

/* Begin PBXTargetDependency section */
		3373C575299E673E00E5758A /* PBXTargetDependency */ = {
			isa = PBXTargetDependency;
			target = 3373C55C299E673B00E5758A /* BookReview */;
			targetProxy = 3373C574299E673E00E5758A /* PBXContainerItemProxy */;
		};
		3373C57F299E673E00E5758A /* PBXTargetDependency */ = {
			isa = PBXTargetDependency;
			target = 3373C55C299E673B00E5758A /* BookReview */;
			targetProxy = 3373C57E299E673E00E5758A /* PBXContainerItemProxy */;
		};
/* End PBXTargetDependency section */

/* Begin PBXVariantGroup section */
		3373C56B299E673E00E5758A /* LaunchScreen.storyboard */ = {
			isa = PBXVariantGroup;
			children = (
				3373C56C299E673E00E5758A /* Base */,
			);
			name = LaunchScreen.storyboard;
			sourceTree = "<group>";
		};
/* End PBXVariantGroup section */

/* Begin XCBuildConfiguration section */
		3373C585299E673E00E5758A /* Debug */ = {
			isa = XCBuildConfiguration;
			buildSettings = {
				ALWAYS_SEARCH_USER_PATHS = NO;
				CLANG_ANALYZER_NONNULL = YES;
				CLANG_ANALYZER_NUMBER_OBJECT_CONVERSION = YES_AGGRESSIVE;
				CLANG_CXX_LANGUAGE_STANDARD = "gnu++20";
				CLANG_ENABLE_MODULES = YES;
				CLANG_ENABLE_OBJC_ARC = YES;
				CLANG_ENABLE_OBJC_WEAK = YES;
				CLANG_WARN_BLOCK_CAPTURE_AUTORELEASING = YES;
				CLANG_WARN_BOOL_CONVERSION = YES;
				CLANG_WARN_COMMA = YES;
				CLANG_WARN_CONSTANT_CONVERSION = YES;
				CLANG_WARN_DEPRECATED_OBJC_IMPLEMENTATIONS = YES;
				CLANG_WARN_DIRECT_OBJC_ISA_USAGE = YES_ERROR;
				CLANG_WARN_DOCUMENTATION_COMMENTS = YES;
				CLANG_WARN_EMPTY_BODY = YES;
				CLANG_WARN_ENUM_CONVERSION = YES;
				CLANG_WARN_INFINITE_RECURSION = YES;
				CLANG_WARN_INT_CONVERSION = YES;
				CLANG_WARN_NON_LITERAL_NULL_CONVERSION = YES;
				CLANG_WARN_OBJC_IMPLICIT_RETAIN_SELF = YES;
				CLANG_WARN_OBJC_LITERAL_CONVERSION = YES;
				CLANG_WARN_OBJC_ROOT_CLASS = YES_ERROR;
				CLANG_WARN_QUOTED_INCLUDE_IN_FRAMEWORK_HEADER = YES;
				CLANG_WARN_RANGE_LOOP_ANALYSIS = YES;
				CLANG_WARN_STRICT_PROTOTYPES = YES;
				CLANG_WARN_SUSPICIOUS_MOVE = YES;
				CLANG_WARN_UNGUARDED_AVAILABILITY = YES_AGGRESSIVE;
				CLANG_WARN_UNREACHABLE_CODE = YES;
				CLANG_WARN__DUPLICATE_METHOD_MATCH = YES;
				COPY_PHASE_STRIP = NO;
				DEBUG_INFORMATION_FORMAT = dwarf;
				ENABLE_STRICT_OBJC_MSGSEND = YES;
				ENABLE_TESTABILITY = YES;
				GCC_C_LANGUAGE_STANDARD = gnu11;
				GCC_DYNAMIC_NO_PIC = NO;
				GCC_NO_COMMON_BLOCKS = YES;
				GCC_OPTIMIZATION_LEVEL = 0;
				GCC_PREPROCESSOR_DEFINITIONS = (
					"DEBUG=1",
					"$(inherited)",
				);
				GCC_WARN_64_TO_32_BIT_CONVERSION = YES;
				GCC_WARN_ABOUT_RETURN_TYPE = YES_ERROR;
				GCC_WARN_UNDECLARED_SELECTOR = YES;
				GCC_WARN_UNINITIALIZED_AUTOS = YES_AGGRESSIVE;
				GCC_WARN_UNUSED_FUNCTION = YES;
				GCC_WARN_UNUSED_VARIABLE = YES;
				IPHONEOS_DEPLOYMENT_TARGET = 16.2;
				MTL_ENABLE_DEBUG_INFO = INCLUDE_SOURCE;
				MTL_FAST_MATH = YES;
				ONLY_ACTIVE_ARCH = YES;
				SDKROOT = iphoneos;
				SWIFT_ACTIVE_COMPILATION_CONDITIONS = DEBUG;
				SWIFT_OPTIMIZATION_LEVEL = "-Onone";
			};
			name = Debug;
		};
		3373C586299E673E00E5758A /* Release */ = {
			isa = XCBuildConfiguration;
			buildSettings = {
				ALWAYS_SEARCH_USER_PATHS = NO;
				CLANG_ANALYZER_NONNULL = YES;
				CLANG_ANALYZER_NUMBER_OBJECT_CONVERSION = YES_AGGRESSIVE;
				CLANG_CXX_LANGUAGE_STANDARD = "gnu++20";
				CLANG_ENABLE_MODULES = YES;
				CLANG_ENABLE_OBJC_ARC = YES;
				CLANG_ENABLE_OBJC_WEAK = YES;
				CLANG_WARN_BLOCK_CAPTURE_AUTORELEASING = YES;
				CLANG_WARN_BOOL_CONVERSION = YES;
				CLANG_WARN_COMMA = YES;
				CLANG_WARN_CONSTANT_CONVERSION = YES;
				CLANG_WARN_DEPRECATED_OBJC_IMPLEMENTATIONS = YES;
				CLANG_WARN_DIRECT_OBJC_ISA_USAGE = YES_ERROR;
				CLANG_WARN_DOCUMENTATION_COMMENTS = YES;
				CLANG_WARN_EMPTY_BODY = YES;
				CLANG_WARN_ENUM_CONVERSION = YES;
				CLANG_WARN_INFINITE_RECURSION = YES;
				CLANG_WARN_INT_CONVERSION = YES;
				CLANG_WARN_NON_LITERAL_NULL_CONVERSION = YES;
				CLANG_WARN_OBJC_IMPLICIT_RETAIN_SELF = YES;
				CLANG_WARN_OBJC_LITERAL_CONVERSION = YES;
				CLANG_WARN_OBJC_ROOT_CLASS = YES_ERROR;
				CLANG_WARN_QUOTED_INCLUDE_IN_FRAMEWORK_HEADER = YES;
				CLANG_WARN_RANGE_LOOP_ANALYSIS = YES;
				CLANG_WARN_STRICT_PROTOTYPES = YES;
				CLANG_WARN_SUSPICIOUS_MOVE = YES;
				CLANG_WARN_UNGUARDED_AVAILABILITY = YES_AGGRESSIVE;
				CLANG_WARN_UNREACHABLE_CODE = YES;
				CLANG_WARN__DUPLICATE_METHOD_MATCH = YES;
				COPY_PHASE_STRIP = NO;
				DEBUG_INFORMATION_FORMAT = "dwarf-with-dsym";
				ENABLE_NS_ASSERTIONS = NO;
				ENABLE_STRICT_OBJC_MSGSEND = YES;
				GCC_C_LANGUAGE_STANDARD = gnu11;
				GCC_NO_COMMON_BLOCKS = YES;
				GCC_WARN_64_TO_32_BIT_CONVERSION = YES;
				GCC_WARN_ABOUT_RETURN_TYPE = YES_ERROR;
				GCC_WARN_UNDECLARED_SELECTOR = YES;
				GCC_WARN_UNINITIALIZED_AUTOS = YES_AGGRESSIVE;
				GCC_WARN_UNUSED_FUNCTION = YES;
				GCC_WARN_UNUSED_VARIABLE = YES;
				IPHONEOS_DEPLOYMENT_TARGET = 16.2;
				MTL_ENABLE_DEBUG_INFO = NO;
				MTL_FAST_MATH = YES;
				SDKROOT = iphoneos;
				SWIFT_COMPILATION_MODE = wholemodule;
				SWIFT_OPTIMIZATION_LEVEL = "-O";
				VALIDATE_PRODUCT = YES;
			};
			name = Release;
		};
		3373C588299E673E00E5758A /* Debug */ = {
			isa = XCBuildConfiguration;
			buildSettings = {
				ASSETCATALOG_COMPILER_APPICON_NAME = AppIcon;
				ASSETCATALOG_COMPILER_GLOBAL_ACCENT_COLOR_NAME = AccentColor;
				CODE_SIGN_STYLE = Automatic;
				CURRENT_PROJECT_VERSION = 1;
				DEVELOPMENT_TEAM = 4QNJWH8J8Y;
				GENERATE_INFOPLIST_FILE = YES;
				INFOPLIST_FILE = BookReview/Info.plist;
				INFOPLIST_KEY_UIApplicationSupportsIndirectInputEvents = YES;
				INFOPLIST_KEY_UILaunchStoryboardName = LaunchScreen;
				INFOPLIST_KEY_UISupportedInterfaceOrientations_iPad = "UIInterfaceOrientationPortrait UIInterfaceOrientationPortraitUpsideDown UIInterfaceOrientationLandscapeLeft UIInterfaceOrientationLandscapeRight";
				INFOPLIST_KEY_UISupportedInterfaceOrientations_iPhone = "UIInterfaceOrientationPortrait UIInterfaceOrientationLandscapeLeft UIInterfaceOrientationLandscapeRight";
				LD_RUNPATH_SEARCH_PATHS = (
					"$(inherited)",
					"@executable_path/Frameworks",
				);
				MARKETING_VERSION = 1.0;
				PRODUCT_BUNDLE_IDENTIFIER = hana.BookReview;
				PRODUCT_NAME = "$(TARGET_NAME)";
				SWIFT_EMIT_LOC_STRINGS = YES;
				SWIFT_VERSION = 5.0;
				TARGETED_DEVICE_FAMILY = "1,2";
			};
			name = Debug;
		};
		3373C589299E673E00E5758A /* Release */ = {
			isa = XCBuildConfiguration;
			buildSettings = {
				ASSETCATALOG_COMPILER_APPICON_NAME = AppIcon;
				ASSETCATALOG_COMPILER_GLOBAL_ACCENT_COLOR_NAME = AccentColor;
				CODE_SIGN_STYLE = Automatic;
				CURRENT_PROJECT_VERSION = 1;
				DEVELOPMENT_TEAM = 4QNJWH8J8Y;
				GENERATE_INFOPLIST_FILE = YES;
				INFOPLIST_FILE = BookReview/Info.plist;
				INFOPLIST_KEY_UIApplicationSupportsIndirectInputEvents = YES;
				INFOPLIST_KEY_UILaunchStoryboardName = LaunchScreen;
				INFOPLIST_KEY_UISupportedInterfaceOrientations_iPad = "UIInterfaceOrientationPortrait UIInterfaceOrientationPortraitUpsideDown UIInterfaceOrientationLandscapeLeft UIInterfaceOrientationLandscapeRight";
				INFOPLIST_KEY_UISupportedInterfaceOrientations_iPhone = "UIInterfaceOrientationPortrait UIInterfaceOrientationLandscapeLeft UIInterfaceOrientationLandscapeRight";
				LD_RUNPATH_SEARCH_PATHS = (
					"$(inherited)",
					"@executable_path/Frameworks",
				);
				MARKETING_VERSION = 1.0;
				PRODUCT_BUNDLE_IDENTIFIER = hana.BookReview;
				PRODUCT_NAME = "$(TARGET_NAME)";
				SWIFT_EMIT_LOC_STRINGS = YES;
				SWIFT_VERSION = 5.0;
				TARGETED_DEVICE_FAMILY = "1,2";
			};
			name = Release;
		};
		3373C58B299E673E00E5758A /* Debug */ = {
			isa = XCBuildConfiguration;
			buildSettings = {
				ALWAYS_EMBED_SWIFT_STANDARD_LIBRARIES = YES;
				BUNDLE_LOADER = "$(TEST_HOST)";
				CODE_SIGN_STYLE = Automatic;
				CURRENT_PROJECT_VERSION = 1;
				DEVELOPMENT_TEAM = 4QNJWH8J8Y;
				GENERATE_INFOPLIST_FILE = YES;
				IPHONEOS_DEPLOYMENT_TARGET = 16.2;
				MARKETING_VERSION = 1.0;
				PRODUCT_BUNDLE_IDENTIFIER = hana.BookReviewTests;
				PRODUCT_NAME = "$(TARGET_NAME)";
				SWIFT_EMIT_LOC_STRINGS = NO;
				SWIFT_VERSION = 5.0;
				TARGETED_DEVICE_FAMILY = "1,2";
				TEST_HOST = "$(BUILT_PRODUCTS_DIR)/BookReview.app/$(BUNDLE_EXECUTABLE_FOLDER_PATH)/BookReview";
			};
			name = Debug;
		};
		3373C58C299E673E00E5758A /* Release */ = {
			isa = XCBuildConfiguration;
			buildSettings = {
				ALWAYS_EMBED_SWIFT_STANDARD_LIBRARIES = YES;
				BUNDLE_LOADER = "$(TEST_HOST)";
				CODE_SIGN_STYLE = Automatic;
				CURRENT_PROJECT_VERSION = 1;
				DEVELOPMENT_TEAM = 4QNJWH8J8Y;
				GENERATE_INFOPLIST_FILE = YES;
				IPHONEOS_DEPLOYMENT_TARGET = 16.2;
				MARKETING_VERSION = 1.0;
				PRODUCT_BUNDLE_IDENTIFIER = hana.BookReviewTests;
				PRODUCT_NAME = "$(TARGET_NAME)";
				SWIFT_EMIT_LOC_STRINGS = NO;
				SWIFT_VERSION = 5.0;
				TARGETED_DEVICE_FAMILY = "1,2";
				TEST_HOST = "$(BUILT_PRODUCTS_DIR)/BookReview.app/$(BUNDLE_EXECUTABLE_FOLDER_PATH)/BookReview";
			};
			name = Release;
		};
		3373C58E299E673E00E5758A /* Debug */ = {
			isa = XCBuildConfiguration;
			buildSettings = {
				ALWAYS_EMBED_SWIFT_STANDARD_LIBRARIES = YES;
				CODE_SIGN_STYLE = Automatic;
				CURRENT_PROJECT_VERSION = 1;
				DEVELOPMENT_TEAM = 4QNJWH8J8Y;
				GENERATE_INFOPLIST_FILE = YES;
				MARKETING_VERSION = 1.0;
				PRODUCT_BUNDLE_IDENTIFIER = hana.BookReviewUITests;
				PRODUCT_NAME = "$(TARGET_NAME)";
				SWIFT_EMIT_LOC_STRINGS = NO;
				SWIFT_VERSION = 5.0;
				TARGETED_DEVICE_FAMILY = "1,2";
				TEST_TARGET_NAME = BookReview;
			};
			name = Debug;
		};
		3373C58F299E673E00E5758A /* Release */ = {
			isa = XCBuildConfiguration;
			buildSettings = {
				ALWAYS_EMBED_SWIFT_STANDARD_LIBRARIES = YES;
				CODE_SIGN_STYLE = Automatic;
				CURRENT_PROJECT_VERSION = 1;
				DEVELOPMENT_TEAM = 4QNJWH8J8Y;
				GENERATE_INFOPLIST_FILE = YES;
				MARKETING_VERSION = 1.0;
				PRODUCT_BUNDLE_IDENTIFIER = hana.BookReviewUITests;
				PRODUCT_NAME = "$(TARGET_NAME)";
				SWIFT_EMIT_LOC_STRINGS = NO;
				SWIFT_VERSION = 5.0;
				TARGETED_DEVICE_FAMILY = "1,2";
				TEST_TARGET_NAME = BookReview;
			};
			name = Release;
		};
/* End XCBuildConfiguration section */

/* Begin XCConfigurationList section */
		3373C558299E673B00E5758A /* Build configuration list for PBXProject "BookReview" */ = {
			isa = XCConfigurationList;
			buildConfigurations = (
				3373C585299E673E00E5758A /* Debug */,
				3373C586299E673E00E5758A /* Release */,
			);
			defaultConfigurationIsVisible = 0;
			defaultConfigurationName = Release;
		};
		3373C587299E673E00E5758A /* Build configuration list for PBXNativeTarget "BookReview" */ = {
			isa = XCConfigurationList;
			buildConfigurations = (
				3373C588299E673E00E5758A /* Debug */,
				3373C589299E673E00E5758A /* Release */,
			);
			defaultConfigurationIsVisible = 0;
			defaultConfigurationName = Release;
		};
		3373C58A299E673E00E5758A /* Build configuration list for PBXNativeTarget "BookReviewTests" */ = {
			isa = XCConfigurationList;
			buildConfigurations = (
				3373C58B299E673E00E5758A /* Debug */,
				3373C58C299E673E00E5758A /* Release */,
			);
			defaultConfigurationIsVisible = 0;
			defaultConfigurationName = Release;
		};
		3373C58D299E673E00E5758A /* Build configuration list for PBXNativeTarget "BookReviewUITests" */ = {
			isa = XCConfigurationList;
			buildConfigurations = (
				3373C58E299E673E00E5758A /* Debug */,
				3373C58F299E673E00E5758A /* Release */,
			);
			defaultConfigurationIsVisible = 0;
			defaultConfigurationName = Release;
		};
/* End XCConfigurationList section */

/* Begin XCRemoteSwiftPackageReference section */
		3373C590299E679300E5758A /* XCRemoteSwiftPackageReference "SnapKit" */ = {
			isa = XCRemoteSwiftPackageReference;
			repositoryURL = "https://github.com/SnapKit/SnapKit.git";
			requirement = {
				kind = upToNextMajorVersion;
				minimumVersion = 5.0.0;
			};
		};
		3373C593299E67AA00E5758A /* XCRemoteSwiftPackageReference "Alamofire" */ = {
			isa = XCRemoteSwiftPackageReference;
			repositoryURL = "https://github.com/Alamofire/Alamofire.git";
			requirement = {
				kind = upToNextMajorVersion;
				minimumVersion = 5.0.0;
			};
		};
		3373C596299E67BD00E5758A /* XCRemoteSwiftPackageReference "KingFisher" */ = {
			isa = XCRemoteSwiftPackageReference;
			repositoryURL = "https://github.com/onevcat/KingFisher.git";
			requirement = {
				kind = upToNextMajorVersion;
				minimumVersion = 7.0.0;
			};
		};
/* End XCRemoteSwiftPackageReference section */

/* Begin XCSwiftPackageProductDependency section */
		3373C591299E679300E5758A /* SnapKit */ = {
			isa = XCSwiftPackageProductDependency;
			package = 3373C590299E679300E5758A /* XCRemoteSwiftPackageReference "SnapKit" */;
			productName = SnapKit;
		};
		3373C594299E67AA00E5758A /* Alamofire */ = {
			isa = XCSwiftPackageProductDependency;
			package = 3373C593299E67AA00E5758A /* XCRemoteSwiftPackageReference "Alamofire" */;
			productName = Alamofire;
		};
		3373C597299E67BD00E5758A /* Kingfisher */ = {
			isa = XCSwiftPackageProductDependency;
			package = 3373C596299E67BD00E5758A /* XCRemoteSwiftPackageReference "KingFisher" */;
			productName = Kingfisher;
		};
/* End XCSwiftPackageProductDependency section */
	};
	rootObject = 3373C555299E673B00E5758A /* Project object */;
}
